// !$*UTF8*$!
{
	archiveVersion = 1;
	classes = {
	};
	objectVersion = 46;
	objects = {

/* Begin PBXBuildFile section */
		DF3A49501C32C5B900EC0600 /* libz.1.dylib in Frameworks */ = {isa = PBXBuildFile; fileRef = DF3A494F1C32C5B900EC0600 /* libz.1.dylib */; };
		DF3A49521C32C60E00EC0600 /* libicucore.A.dylib in Frameworks */ = {isa = PBXBuildFile; fileRef = DF3A49511C32C60E00EC0600 /* libicucore.A.dylib */; };
		DF3A49541C32C62C00EC0600 /* libsqlite3.dylib in Frameworks */ = {isa = PBXBuildFile; fileRef = DF3A49531C32C62C00EC0600 /* libsqlite3.dylib */; };
		DF3A49571C32D3E000EC0600 /* MKPhotosView.m in Sources */ = {isa = PBXBuildFile; fileRef = DF3A49561C32D3E000EC0600 /* MKPhotosView.m */; };
		DF6F06BF1C26A2AE007D027F /* AssetsLibrary.framework in Frameworks */ = {isa = PBXBuildFile; fileRef = DF6F06BE1C26A2AE007D027F /* AssetsLibrary.framework */; };
		DF81C4651C317C8B00A5016D /* AppDelegate.m in Sources */ = {isa = PBXBuildFile; fileRef = DF81C4601C317C8B00A5016D /* AppDelegate.m */; };
		DF81C4661C317C8B00A5016D /* images.xcassets in Resources */ = {isa = PBXBuildFile; fileRef = DF81C4611C317C8B00A5016D /* images.xcassets */; };
		DF81C4671C317C8B00A5016D /* Info.plist in Resources */ = {isa = PBXBuildFile; fileRef = DF81C4621C317C8B00A5016D /* Info.plist */; };
		DF81C4681C317C8B00A5016D /* main.m in Sources */ = {isa = PBXBuildFile; fileRef = DF81C4631C317C8B00A5016D /* main.m */; };
		DF81C4691C317C8B00A5016D /* star.png in Resources */ = {isa = PBXBuildFile; fileRef = DF81C4641C317C8B00A5016D /* star.png */; };
		DF81C4B51C317E8300A5016D /* ELCAlbumPickerController.m in Sources */ = {isa = PBXBuildFile; fileRef = DF81C46C1C317E8300A5016D /* ELCAlbumPickerController.m */; };
		DF81C4B61C317E8300A5016D /* ELCAsset.m in Sources */ = {isa = PBXBuildFile; fileRef = DF81C46E1C317E8300A5016D /* ELCAsset.m */; };
		DF81C4B71C317E8300A5016D /* ELCAssetCell.m in Sources */ = {isa = PBXBuildFile; fileRef = DF81C4701C317E8300A5016D /* ELCAssetCell.m */; };
		DF81C4B81C317E8300A5016D /* ELCAssetTablePicker.m in Sources */ = {isa = PBXBuildFile; fileRef = DF81C4741C317E8300A5016D /* ELCAssetTablePicker.m */; };
		DF81C4B91C317E8300A5016D /* ELCConsole.m in Sources */ = {isa = PBXBuildFile; fileRef = DF81C4761C317E8300A5016D /* ELCConsole.m */; };
		DF81C4BA1C317E8300A5016D /* ELCImagePickerController.m in Sources */ = {isa = PBXBuildFile; fileRef = DF81C4781C317E8300A5016D /* ELCImagePickerController.m */; };
		DF81C4BB1C317E8300A5016D /* ELCOverlayImageView.m in Sources */ = {isa = PBXBuildFile; fileRef = DF81C47B1C317E8300A5016D /* ELCOverlayImageView.m */; };
		DF81C4BC1C317E8300A5016D /* ELCAlbumPickerController.xib in Resources */ = {isa = PBXBuildFile; fileRef = DF81C47D1C317E8300A5016D /* ELCAlbumPickerController.xib */; };
		DF81C4BD1C317E8300A5016D /* ELCAssetPicker.xib in Resources */ = {isa = PBXBuildFile; fileRef = DF81C47E1C317E8300A5016D /* ELCAssetPicker.xib */; };
		DF81C4BE1C317E8300A5016D /* ELCAssetTablePicker.xib in Resources */ = {isa = PBXBuildFile; fileRef = DF81C47F1C317E8300A5016D /* ELCAssetTablePicker.xib */; };
		DF81C4BF1C317E8300A5016D /* Overlay.png in Resources */ = {isa = PBXBuildFile; fileRef = DF81C4801C317E8300A5016D /* Overlay.png */; };
		DF81C4C01C317E8300A5016D /* Overlay@2x.png in Resources */ = {isa = PBXBuildFile; fileRef = DF81C4811C317E8300A5016D /* Overlay@2x.png */; };
		DF81C4C11C317E8300A5016D /* MJRefresh.bundle in Resources */ = {isa = PBXBuildFile; fileRef = DF81C4831C317E8300A5016D /* MJRefresh.bundle */; };
		DF81C4C21C317E8300A5016D /* MJRefreshBaseView.m in Sources */ = {isa = PBXBuildFile; fileRef = DF81C4861C317E8300A5016D /* MJRefreshBaseView.m */; };
		DF81C4C31C317E8300A5016D /* MJRefreshConst.m in Sources */ = {isa = PBXBuildFile; fileRef = DF81C4881C317E8300A5016D /* MJRefreshConst.m */; };
		DF81C4C41C317E8300A5016D /* MJRefreshFooterView.m in Sources */ = {isa = PBXBuildFile; fileRef = DF81C48A1C317E8300A5016D /* MJRefreshFooterView.m */; };
		DF81C4C51C317E8300A5016D /* MJRefreshHeaderView.m in Sources */ = {isa = PBXBuildFile; fileRef = DF81C48C1C317E8300A5016D /* MJRefreshHeaderView.m */; };
		DF81C4C61C317E8300A5016D /* UIScrollView+MJExtension.m in Sources */ = {isa = PBXBuildFile; fileRef = DF81C48E1C317E8300A5016D /* UIScrollView+MJExtension.m */; };
		DF81C4C71C317E8300A5016D /* UIScrollView+MJRefresh.m in Sources */ = {isa = PBXBuildFile; fileRef = DF81C4901C317E8300A5016D /* UIScrollView+MJRefresh.m */; };
		DF81C4C81C317E8300A5016D /* UIView+MJExtension.m in Sources */ = {isa = PBXBuildFile; fileRef = DF81C4921C317E8300A5016D /* UIView+MJExtension.m */; };
		DF81C4C91C317E8300A5016D /* MKAnnotationView+WebCache.m in Sources */ = {isa = PBXBuildFile; fileRef = DF81C4951C317E8300A5016D /* MKAnnotationView+WebCache.m */; };
		DF81C4CA1C317E8300A5016D /* NSData+ImageContentType.m in Sources */ = {isa = PBXBuildFile; fileRef = DF81C4971C317E8300A5016D /* NSData+ImageContentType.m */; };
		DF81C4CB1C317E8300A5016D /* SDImageCache.m in Sources */ = {isa = PBXBuildFile; fileRef = DF81C4991C317E8300A5016D /* SDImageCache.m */; };
		DF81C4CC1C317E8300A5016D /* SDWebImageCompat.m in Sources */ = {isa = PBXBuildFile; fileRef = DF81C49B1C317E8300A5016D /* SDWebImageCompat.m */; };
		DF81C4CD1C317E8300A5016D /* SDWebImageDecoder.m in Sources */ = {isa = PBXBuildFile; fileRef = DF81C49D1C317E8300A5016D /* SDWebImageDecoder.m */; };
		DF81C4CE1C317E8300A5016D /* SDWebImageDownloader.m in Sources */ = {isa = PBXBuildFile; fileRef = DF81C49F1C317E8300A5016D /* SDWebImageDownloader.m */; };
		DF81C4CF1C317E8300A5016D /* SDWebImageDownloaderOperation.m in Sources */ = {isa = PBXBuildFile; fileRef = DF81C4A11C317E8300A5016D /* SDWebImageDownloaderOperation.m */; };
		DF81C4D01C317E8300A5016D /* SDWebImageManager.m in Sources */ = {isa = PBXBuildFile; fileRef = DF81C4A31C317E8300A5016D /* SDWebImageManager.m */; };
		DF81C4D11C317E8300A5016D /* SDWebImagePrefetcher.m in Sources */ = {isa = PBXBuildFile; fileRef = DF81C4A61C317E8300A5016D /* SDWebImagePrefetcher.m */; };
		DF81C4D21C317E8300A5016D /* UIButton+WebCache.m in Sources */ = {isa = PBXBuildFile; fileRef = DF81C4A81C317E8300A5016D /* UIButton+WebCache.m */; };
		DF81C4D31C317E8300A5016D /* UIImage+GIF.m in Sources */ = {isa = PBXBuildFile; fileRef = DF81C4AA1C317E8300A5016D /* UIImage+GIF.m */; };
		DF81C4D41C317E8300A5016D /* UIImage+MultiFormat.m in Sources */ = {isa = PBXBuildFile; fileRef = DF81C4AC1C317E8300A5016D /* UIImage+MultiFormat.m */; };
		DF81C4D51C317E8300A5016D /* UIImage+WebP.m in Sources */ = {isa = PBXBuildFile; fileRef = DF81C4AE1C317E8300A5016D /* UIImage+WebP.m */; };
		DF81C4D61C317E8300A5016D /* UIImageView+HighlightedWebCache.m in Sources */ = {isa = PBXBuildFile; fileRef = DF81C4B01C317E8300A5016D /* UIImageView+HighlightedWebCache.m */; };
		DF81C4D71C317E8300A5016D /* UIImageView+WebCache.m in Sources */ = {isa = PBXBuildFile; fileRef = DF81C4B21C317E8300A5016D /* UIImageView+WebCache.m */; };
		DF81C4D81C317E8300A5016D /* UIView+WebCacheOperation.m in Sources */ = {isa = PBXBuildFile; fileRef = DF81C4B41C317E8300A5016D /* UIView+WebCacheOperation.m */; };
		DF81C4EC1C317F1500A5016D /* myNewsViewController.m in Sources */ = {isa = PBXBuildFile; fileRef = DF81C4DB1C317F1500A5016D /* myNewsViewController.m */; };
		DF81C4ED1C317F1500A5016D /* publishViewController.m in Sources */ = {isa = PBXBuildFile; fileRef = DF81C4DD1C317F1500A5016D /* publishViewController.m */; };
		DF81C4EE1C317F1500A5016D /* MKPhoto.m in Sources */ = {isa = PBXBuildFile; fileRef = DF81C4E01C317F1500A5016D /* MKPhoto.m */; };
		DF81C4EF1C317F1500A5016D /* MKPost.m in Sources */ = {isa = PBXBuildFile; fileRef = DF81C4E21C317F1500A5016D /* MKPost.m */; };
		DF81C4F01C317F1500A5016D /* MKPostFrame.m in Sources */ = {isa = PBXBuildFile; fileRef = DF81C4E41C317F1500A5016D /* MKPostFrame.m */; };
		DF81C4F11C317F1500A5016D /* MKUser.m in Sources */ = {isa = PBXBuildFile; fileRef = DF81C4E61C317F1500A5016D /* MKUser.m */; };
		DF81C4F21C317F1500A5016D /* MKPhotoView.m in Sources */ = {isa = PBXBuildFile; fileRef = DF81C4E91C317F1500A5016D /* MKPhotoView.m */; };
		DF81C4F31C317F1500A5016D /* MKPostTopView.m in Sources */ = {isa = PBXBuildFile; fileRef = DF81C4EB1C317F1500A5016D /* MKPostTopView.m */; };
		DF81C4F91C317F3400A5016D /* AffairViewController.m in Sources */ = {isa = PBXBuildFile; fileRef = DF81C4F61C317F3400A5016D /* AffairViewController.m */; };
		DF81C5011C317F4700A5016D /* loginViewController.m in Sources */ = {isa = PBXBuildFile; fileRef = DF81C4FC1C317F4700A5016D /* loginViewController.m */; };
		DF81C5021C317F4700A5016D /* registerViewController.m in Sources */ = {isa = PBXBuildFile; fileRef = DF81C4FE1C317F4700A5016D /* registerViewController.m */; };
		DF81C5041C3184A000A5016D /* BmobSDK.framework in Frameworks */ = {isa = PBXBuildFile; fileRef = DF81C5031C3184A000A5016D /* BmobSDK.framework */; };
		DF81C5091C3184FA00A5016D /* bmobOperation.m in Sources */ = {isa = PBXBuildFile; fileRef = DF81C5061C3184FA00A5016D /* bmobOperation.m */; };
		DF81C50A1C3184FA00A5016D /* utility.m in Sources */ = {isa = PBXBuildFile; fileRef = DF81C5081C3184FA00A5016D /* utility.m */; };
		DF81C50C1C31851F00A5016D /* Default-568h@2x.png in Resources */ = {isa = PBXBuildFile; fileRef = DF81C50B1C31851F00A5016D /* Default-568h@2x.png */; };
		DF81C50E1C31860900A5016D /* Main.storyboard in Resources */ = {isa = PBXBuildFile; fileRef = DF81C50D1C31860900A5016D /* Main.storyboard */; };
		DF81C5111C318D1F00A5016D /* AssetsLibrary.framework in Frameworks */ = {isa = PBXBuildFile; fileRef = DF6F06BE1C26A2AE007D027F /* AssetsLibrary.framework */; };
		DF81C5121C318D2700A5016D /* MediaPlayer.framework in Frameworks */ = {isa = PBXBuildFile; fileRef = DFEF2F781B75AA1D006342C9 /* MediaPlayer.framework */; };
		DF81C5131C318D2E00A5016D /* AVFoundation.framework in Frameworks */ = {isa = PBXBuildFile; fileRef = DFEF2F761B75AA13006342C9 /* AVFoundation.framework */; };
		DF81C5141C318D3800A5016D /* SystemConfiguration.framework in Frameworks */ = {isa = PBXBuildFile; fileRef = DFEF2F6E1B75A9E2006342C9 /* SystemConfiguration.framework */; };
		DF81C5151C318D3E00A5016D /* CoreTelephony.framework in Frameworks */ = {isa = PBXBuildFile; fileRef = DFEF2F6C1B75A9D8006342C9 /* CoreTelephony.framework */; };
		DF81C5161C318D4800A5016D /* CFNetwork.framework in Frameworks */ = {isa = PBXBuildFile; fileRef = DFEF2F6A1B75A9CE006342C9 /* CFNetwork.framework */; };
		DF81C5171C318D4E00A5016D /* CoreGraphics.framework in Frameworks */ = {isa = PBXBuildFile; fileRef = DFEF2F661B75A9B6006342C9 /* CoreGraphics.framework */; };
		DF81C5181C318D5600A5016D /* Security.framework in Frameworks */ = {isa = PBXBuildFile; fileRef = DFEF2F641B75A9AA006342C9 /* Security.framework */; };
		DF81C5191C318D5E00A5016D /* CoreLocation.framework in Frameworks */ = {isa = PBXBuildFile; fileRef = DFEF2F621B75A9A0006342C9 /* CoreLocation.framework */; };
		DF81C51A1C318D6D00A5016D /* MobileCoreServices.framework in Frameworks */ = {isa = PBXBuildFile; fileRef = DFEF2F681B75A9C3006342C9 /* MobileCoreServices.framework */; };
		DF8D71F41C3BF3460013A2AC /* MJPhoto.m in Sources */ = {isa = PBXBuildFile; fileRef = DF8D71E61C3BF3460013A2AC /* MJPhoto.m */; };
		DF8D71F51C3BF3460013A2AC /* MJPhotoBrowser.bundle in Resources */ = {isa = PBXBuildFile; fileRef = DF8D71E71C3BF3460013A2AC /* MJPhotoBrowser.bundle */; };
		DF8D71F61C3BF3460013A2AC /* MJPhotoBrowser.m in Sources */ = {isa = PBXBuildFile; fileRef = DF8D71E91C3BF3460013A2AC /* MJPhotoBrowser.m */; };
		DF8D71F71C3BF3460013A2AC /* MJPhotoLoadingView.m in Sources */ = {isa = PBXBuildFile; fileRef = DF8D71EB1C3BF3460013A2AC /* MJPhotoLoadingView.m */; };
		DF8D71F81C3BF3460013A2AC /* MJPhotoProgressView.m in Sources */ = {isa = PBXBuildFile; fileRef = DF8D71ED1C3BF3460013A2AC /* MJPhotoProgressView.m */; };
		DF8D71F91C3BF3460013A2AC /* MJPhotoToolbar.m in Sources */ = {isa = PBXBuildFile; fileRef = DF8D71EF1C3BF3460013A2AC /* MJPhotoToolbar.m */; };
		DF8D71FA1C3BF3460013A2AC /* MJPhotoView.m in Sources */ = {isa = PBXBuildFile; fileRef = DF8D71F11C3BF3460013A2AC /* MJPhotoView.m */; };
		DF8D71FB1C3BF3460013A2AC /* UIImageView+MJWebCache.m in Sources */ = {isa = PBXBuildFile; fileRef = DF8D71F31C3BF3460013A2AC /* UIImageView+MJWebCache.m */; };
		DF8D71FD1C3BFA3E0013A2AC /* UIKit.framework in Frameworks */ = {isa = PBXBuildFile; fileRef = DF8D71FC1C3BFA3E0013A2AC /* UIKit.framework */; };
		DF8D71FF1C3BFA5C0013A2AC /* Foundation.framework in Frameworks */ = {isa = PBXBuildFile; fileRef = DF8D71FE1C3BFA5C0013A2AC /* Foundation.framework */; };
		DF8D72081C3BFC920013A2AC /* SVIndefiniteAnimatedView.m in Sources */ = {isa = PBXBuildFile; fileRef = DF8D72031C3BFC920013A2AC /* SVIndefiniteAnimatedView.m */; };
		DF8D72091C3BFC920013A2AC /* SVProgressHUD.bundle in Resources */ = {isa = PBXBuildFile; fileRef = DF8D72051C3BFC920013A2AC /* SVProgressHUD.bundle */; };
		DF8D720A1C3BFC920013A2AC /* SVProgressHUD.m in Sources */ = {isa = PBXBuildFile; fileRef = DF8D72071C3BFC920013A2AC /* SVProgressHUD.m */; };
		DF9673B41C40B5F10067EE76 /* forgetPassWardViewController.m in Sources */ = {isa = PBXBuildFile; fileRef = DF9673A91C40B5F10067EE76 /* forgetPassWardViewController.m */; };
		DF9673B51C40B5F10067EE76 /* MMZCHMViewController.m in Sources */ = {isa = PBXBuildFile; fileRef = DF9673AB1C40B5F10067EE76 /* MMZCHMViewController.m */; };
		DF9673B61C40B5F10067EE76 /* LogViewController.m in Sources */ = {isa = PBXBuildFile; fileRef = DF9673AD1C40B5F10067EE76 /* LogViewController.m */; };
		DF9673B71C40B5F10067EE76 /* newPassWardViewController.m in Sources */ = {isa = PBXBuildFile; fileRef = DF9673AF1C40B5F10067EE76 /* newPassWardViewController.m */; };
		DF9673B81C40B5F10067EE76 /* settingPassWardViewController.m in Sources */ = {isa = PBXBuildFile; fileRef = DF9673B11C40B5F10067EE76 /* settingPassWardViewController.m */; };
		DF9673B91C40B5F10067EE76 /* settinhHeaderViewController.m in Sources */ = {isa = PBXBuildFile; fileRef = DF9673B31C40B5F10067EE76 /* settinhHeaderViewController.m */; };
		DF9673BC1C40BFEB0067EE76 /* homeTabBarController.m in Sources */ = {isa = PBXBuildFile; fileRef = DF9673BB1C40BFEB0067EE76 /* homeTabBarController.m */; };
		DFD6BA7A1C3AB6410072AB9F /* UIImage+Extend.m in Sources */ = {isa = PBXBuildFile; fileRef = DFD6BA711C3AB6410072AB9F /* UIImage+Extend.m */; };
		DFE6C7D51C390C2800C4683E /* MKPostCell.m in Sources */ = {isa = PBXBuildFile; fileRef = DFE6C7D41C390C2800C4683E /* MKPostCell.m */; };
		DFEF2F631B75A9A0006342C9 /* CoreLocation.framework in Frameworks */ = {isa = PBXBuildFile; fileRef = DFEF2F621B75A9A0006342C9 /* CoreLocation.framework */; };
		DFEF2F651B75A9AA006342C9 /* Security.framework in Frameworks */ = {isa = PBXBuildFile; fileRef = DFEF2F641B75A9AA006342C9 /* Security.framework */; };
		DFEF2F671B75A9B6006342C9 /* CoreGraphics.framework in Frameworks */ = {isa = PBXBuildFile; fileRef = DFEF2F661B75A9B6006342C9 /* CoreGraphics.framework */; };
		DFEF2F691B75A9C3006342C9 /* MobileCoreServices.framework in Frameworks */ = {isa = PBXBuildFile; fileRef = DFEF2F681B75A9C3006342C9 /* MobileCoreServices.framework */; };
		DFEF2F6B1B75A9CE006342C9 /* CFNetwork.framework in Frameworks */ = {isa = PBXBuildFile; fileRef = DFEF2F6A1B75A9CE006342C9 /* CFNetwork.framework */; };
		DFEF2F6D1B75A9D8006342C9 /* CoreTelephony.framework in Frameworks */ = {isa = PBXBuildFile; fileRef = DFEF2F6C1B75A9D8006342C9 /* CoreTelephony.framework */; };
		DFEF2F6F1B75A9E2006342C9 /* SystemConfiguration.framework in Frameworks */ = {isa = PBXBuildFile; fileRef = DFEF2F6E1B75A9E2006342C9 /* SystemConfiguration.framework */; };
		DFEF2F771B75AA13006342C9 /* AVFoundation.framework in Frameworks */ = {isa = PBXBuildFile; fileRef = DFEF2F761B75AA13006342C9 /* AVFoundation.framework */; };
		DFEF2F791B75AA1D006342C9 /* MediaPlayer.framework in Frameworks */ = {isa = PBXBuildFile; fileRef = DFEF2F781B75AA1D006342C9 /* MediaPlayer.framework */; };
/* End PBXBuildFile section */

/* Begin PBXContainerItemProxy section */
		DF587F3D1B2B00FA009AB71A /* PBXContainerItemProxy */ = {
			isa = PBXContainerItemProxy;
			containerPortal = DF587F1B1B2B00FA009AB71A /* Project object */;
			proxyType = 1;
			remoteGlobalIDString = DF587F221B2B00FA009AB71A;
			remoteInfo = firstAP;
		};
/* End PBXContainerItemProxy section */

/* Begin PBXFileReference section */
		DF3A494F1C32C5B900EC0600 /* libz.1.dylib */ = {isa = PBXFileReference; lastKnownFileType = "compiled.mach-o.dylib"; name = libz.1.dylib; path = ../../../../usr/lib/libz.1.dylib; sourceTree = "<group>"; };
		DF3A49511C32C60E00EC0600 /* libicucore.A.dylib */ = {isa = PBXFileReference; lastKnownFileType = "compiled.mach-o.dylib"; name = libicucore.A.dylib; path = ../../../../usr/lib/libicucore.A.dylib; sourceTree = "<group>"; };
		DF3A49531C32C62C00EC0600 /* libsqlite3.dylib */ = {isa = PBXFileReference; lastKnownFileType = "compiled.mach-o.dylib"; name = libsqlite3.dylib; path = ../../../../usr/lib/libsqlite3.dylib; sourceTree = "<group>"; };
		DF3A49551C32D3E000EC0600 /* MKPhotosView.h */ = {isa = PBXFileReference; fileEncoding = 4; lastKnownFileType = sourcecode.c.h; path = MKPhotosView.h; sourceTree = "<group>"; };
		DF3A49561C32D3E000EC0600 /* MKPhotosView.m */ = {isa = PBXFileReference; fileEncoding = 4; lastKnownFileType = sourcecode.c.objc; path = MKPhotosView.m; sourceTree = "<group>"; };
		DF587F231B2B00FA009AB71A /* Newwws.app */ = {isa = PBXFileReference; explicitFileType = wrapper.application; includeInIndex = 0; path = Newwws.app; sourceTree = BUILT_PRODUCTS_DIR; };
		DF587F3C1B2B00FA009AB71A /* Newwws.xctest */ = {isa = PBXFileReference; explicitFileType = wrapper.cfbundle; includeInIndex = 0; path = Newwws.xctest; sourceTree = BUILT_PRODUCTS_DIR; };
		DF6F06BE1C26A2AE007D027F /* AssetsLibrary.framework */ = {isa = PBXFileReference; lastKnownFileType = wrapper.framework; name = AssetsLibrary.framework; path = System/Library/Frameworks/AssetsLibrary.framework; sourceTree = SDKROOT; };
		DF81C45F1C317C8B00A5016D /* AppDelegate.h */ = {isa = PBXFileReference; fileEncoding = 4; lastKnownFileType = sourcecode.c.h; name = AppDelegate.h; path = Newwws/Supporting/AppDelegate.h; sourceTree = SOURCE_ROOT; };
		DF81C4601C317C8B00A5016D /* AppDelegate.m */ = {isa = PBXFileReference; fileEncoding = 4; lastKnownFileType = sourcecode.c.objc; name = AppDelegate.m; path = Newwws/Supporting/AppDelegate.m; sourceTree = SOURCE_ROOT; };
		DF81C4611C317C8B00A5016D /* images.xcassets */ = {isa = PBXFileReference; lastKnownFileType = folder.assetcatalog; name = images.xcassets; path = Newwws/Supporting/images.xcassets; sourceTree = SOURCE_ROOT; };
		DF81C4621C317C8B00A5016D /* Info.plist */ = {isa = PBXFileReference; fileEncoding = 4; lastKnownFileType = text.plist.xml; name = Info.plist; path = Newwws/Supporting/Info.plist; sourceTree = SOURCE_ROOT; };
		DF81C4631C317C8B00A5016D /* main.m */ = {isa = PBXFileReference; fileEncoding = 4; lastKnownFileType = sourcecode.c.objc; name = main.m; path = Newwws/Supporting/main.m; sourceTree = SOURCE_ROOT; };
		DF81C4641C317C8B00A5016D /* star.png */ = {isa = PBXFileReference; lastKnownFileType = image.png; name = star.png; path = Newwws/Supporting/star.png; sourceTree = SOURCE_ROOT; };
		DF81C46B1C317E8300A5016D /* ELCAlbumPickerController.h */ = {isa = PBXFileReference; fileEncoding = 4; lastKnownFileType = sourcecode.c.h; path = ELCAlbumPickerController.h; sourceTree = "<group>"; };
		DF81C46C1C317E8300A5016D /* ELCAlbumPickerController.m */ = {isa = PBXFileReference; fileEncoding = 4; lastKnownFileType = sourcecode.c.objc; path = ELCAlbumPickerController.m; sourceTree = "<group>"; };
		DF81C46D1C317E8300A5016D /* ELCAsset.h */ = {isa = PBXFileReference; fileEncoding = 4; lastKnownFileType = sourcecode.c.h; path = ELCAsset.h; sourceTree = "<group>"; };
		DF81C46E1C317E8300A5016D /* ELCAsset.m */ = {isa = PBXFileReference; fileEncoding = 4; lastKnownFileType = sourcecode.c.objc; path = ELCAsset.m; sourceTree = "<group>"; };
		DF81C46F1C317E8300A5016D /* ELCAssetCell.h */ = {isa = PBXFileReference; fileEncoding = 4; lastKnownFileType = sourcecode.c.h; path = ELCAssetCell.h; sourceTree = "<group>"; };
		DF81C4701C317E8300A5016D /* ELCAssetCell.m */ = {isa = PBXFileReference; fileEncoding = 4; lastKnownFileType = sourcecode.c.objc; path = ELCAssetCell.m; sourceTree = "<group>"; };
		DF81C4711C317E8300A5016D /* ELCAssetPickerFilterDelegate.h */ = {isa = PBXFileReference; fileEncoding = 4; lastKnownFileType = sourcecode.c.h; path = ELCAssetPickerFilterDelegate.h; sourceTree = "<group>"; };
		DF81C4721C317E8300A5016D /* ELCAssetSelectionDelegate.h */ = {isa = PBXFileReference; fileEncoding = 4; lastKnownFileType = sourcecode.c.h; path = ELCAssetSelectionDelegate.h; sourceTree = "<group>"; };
		DF81C4731C317E8300A5016D /* ELCAssetTablePicker.h */ = {isa = PBXFileReference; fileEncoding = 4; lastKnownFileType = sourcecode.c.h; path = ELCAssetTablePicker.h; sourceTree = "<group>"; };
		DF81C4741C317E8300A5016D /* ELCAssetTablePicker.m */ = {isa = PBXFileReference; fileEncoding = 4; lastKnownFileType = sourcecode.c.objc; path = ELCAssetTablePicker.m; sourceTree = "<group>"; };
		DF81C4751C317E8300A5016D /* ELCConsole.h */ = {isa = PBXFileReference; fileEncoding = 4; lastKnownFileType = sourcecode.c.h; path = ELCConsole.h; sourceTree = "<group>"; };
		DF81C4761C317E8300A5016D /* ELCConsole.m */ = {isa = PBXFileReference; fileEncoding = 4; lastKnownFileType = sourcecode.c.objc; path = ELCConsole.m; sourceTree = "<group>"; };
		DF81C4771C317E8300A5016D /* ELCImagePickerController.h */ = {isa = PBXFileReference; fileEncoding = 4; lastKnownFileType = sourcecode.c.h; path = ELCImagePickerController.h; sourceTree = "<group>"; };
		DF81C4781C317E8300A5016D /* ELCImagePickerController.m */ = {isa = PBXFileReference; fileEncoding = 4; lastKnownFileType = sourcecode.c.objc; path = ELCImagePickerController.m; sourceTree = "<group>"; };
		DF81C4791C317E8300A5016D /* ELCImagePickerHeader.h */ = {isa = PBXFileReference; fileEncoding = 4; lastKnownFileType = sourcecode.c.h; path = ELCImagePickerHeader.h; sourceTree = "<group>"; };
		DF81C47A1C317E8300A5016D /* ELCOverlayImageView.h */ = {isa = PBXFileReference; fileEncoding = 4; lastKnownFileType = sourcecode.c.h; path = ELCOverlayImageView.h; sourceTree = "<group>"; };
		DF81C47B1C317E8300A5016D /* ELCOverlayImageView.m */ = {isa = PBXFileReference; fileEncoding = 4; lastKnownFileType = sourcecode.c.objc; path = ELCOverlayImageView.m; sourceTree = "<group>"; };
		DF81C47D1C317E8300A5016D /* ELCAlbumPickerController.xib */ = {isa = PBXFileReference; fileEncoding = 4; lastKnownFileType = file.xib; path = ELCAlbumPickerController.xib; sourceTree = "<group>"; };
		DF81C47E1C317E8300A5016D /* ELCAssetPicker.xib */ = {isa = PBXFileReference; fileEncoding = 4; lastKnownFileType = file.xib; path = ELCAssetPicker.xib; sourceTree = "<group>"; };
		DF81C47F1C317E8300A5016D /* ELCAssetTablePicker.xib */ = {isa = PBXFileReference; fileEncoding = 4; lastKnownFileType = file.xib; path = ELCAssetTablePicker.xib; sourceTree = "<group>"; };
		DF81C4801C317E8300A5016D /* Overlay.png */ = {isa = PBXFileReference; lastKnownFileType = image.png; path = Overlay.png; sourceTree = "<group>"; };
		DF81C4811C317E8300A5016D /* Overlay@2x.png */ = {isa = PBXFileReference; lastKnownFileType = image.png; path = "Overlay@2x.png"; sourceTree = "<group>"; };
		DF81C4831C317E8300A5016D /* MJRefresh.bundle */ = {isa = PBXFileReference; lastKnownFileType = "wrapper.plug-in"; path = MJRefresh.bundle; sourceTree = "<group>"; };
		DF81C4841C317E8300A5016D /* MJRefresh.h */ = {isa = PBXFileReference; fileEncoding = 4; lastKnownFileType = sourcecode.c.h; path = MJRefresh.h; sourceTree = "<group>"; };
		DF81C4851C317E8300A5016D /* MJRefreshBaseView.h */ = {isa = PBXFileReference; fileEncoding = 4; lastKnownFileType = sourcecode.c.h; path = MJRefreshBaseView.h; sourceTree = "<group>"; };
		DF81C4861C317E8300A5016D /* MJRefreshBaseView.m */ = {isa = PBXFileReference; fileEncoding = 4; lastKnownFileType = sourcecode.c.objc; path = MJRefreshBaseView.m; sourceTree = "<group>"; };
		DF81C4871C317E8300A5016D /* MJRefreshConst.h */ = {isa = PBXFileReference; fileEncoding = 4; lastKnownFileType = sourcecode.c.h; path = MJRefreshConst.h; sourceTree = "<group>"; };
		DF81C4881C317E8300A5016D /* MJRefreshConst.m */ = {isa = PBXFileReference; fileEncoding = 4; lastKnownFileType = sourcecode.c.objc; path = MJRefreshConst.m; sourceTree = "<group>"; };
		DF81C4891C317E8300A5016D /* MJRefreshFooterView.h */ = {isa = PBXFileReference; fileEncoding = 4; lastKnownFileType = sourcecode.c.h; path = MJRefreshFooterView.h; sourceTree = "<group>"; };
		DF81C48A1C317E8300A5016D /* MJRefreshFooterView.m */ = {isa = PBXFileReference; fileEncoding = 4; lastKnownFileType = sourcecode.c.objc; path = MJRefreshFooterView.m; sourceTree = "<group>"; };
		DF81C48B1C317E8300A5016D /* MJRefreshHeaderView.h */ = {isa = PBXFileReference; fileEncoding = 4; lastKnownFileType = sourcecode.c.h; path = MJRefreshHeaderView.h; sourceTree = "<group>"; };
		DF81C48C1C317E8300A5016D /* MJRefreshHeaderView.m */ = {isa = PBXFileReference; fileEncoding = 4; lastKnownFileType = sourcecode.c.objc; path = MJRefreshHeaderView.m; sourceTree = "<group>"; };
		DF81C48D1C317E8300A5016D /* UIScrollView+MJExtension.h */ = {isa = PBXFileReference; fileEncoding = 4; lastKnownFileType = sourcecode.c.h; path = "UIScrollView+MJExtension.h"; sourceTree = "<group>"; };
		DF81C48E1C317E8300A5016D /* UIScrollView+MJExtension.m */ = {isa = PBXFileReference; fileEncoding = 4; lastKnownFileType = sourcecode.c.objc; path = "UIScrollView+MJExtension.m"; sourceTree = "<group>"; };
		DF81C48F1C317E8300A5016D /* UIScrollView+MJRefresh.h */ = {isa = PBXFileReference; fileEncoding = 4; lastKnownFileType = sourcecode.c.h; path = "UIScrollView+MJRefresh.h"; sourceTree = "<group>"; };
		DF81C4901C317E8300A5016D /* UIScrollView+MJRefresh.m */ = {isa = PBXFileReference; fileEncoding = 4; lastKnownFileType = sourcecode.c.objc; path = "UIScrollView+MJRefresh.m"; sourceTree = "<group>"; };
		DF81C4911C317E8300A5016D /* UIView+MJExtension.h */ = {isa = PBXFileReference; fileEncoding = 4; lastKnownFileType = sourcecode.c.h; path = "UIView+MJExtension.h"; sourceTree = "<group>"; };
		DF81C4921C317E8300A5016D /* UIView+MJExtension.m */ = {isa = PBXFileReference; fileEncoding = 4; lastKnownFileType = sourcecode.c.objc; path = "UIView+MJExtension.m"; sourceTree = "<group>"; };
		DF81C4941C317E8300A5016D /* MKAnnotationView+WebCache.h */ = {isa = PBXFileReference; fileEncoding = 4; lastKnownFileType = sourcecode.c.h; path = "MKAnnotationView+WebCache.h"; sourceTree = "<group>"; };
		DF81C4951C317E8300A5016D /* MKAnnotationView+WebCache.m */ = {isa = PBXFileReference; fileEncoding = 4; lastKnownFileType = sourcecode.c.objc; path = "MKAnnotationView+WebCache.m"; sourceTree = "<group>"; };
		DF81C4961C317E8300A5016D /* NSData+ImageContentType.h */ = {isa = PBXFileReference; fileEncoding = 4; lastKnownFileType = sourcecode.c.h; path = "NSData+ImageContentType.h"; sourceTree = "<group>"; };
		DF81C4971C317E8300A5016D /* NSData+ImageContentType.m */ = {isa = PBXFileReference; fileEncoding = 4; lastKnownFileType = sourcecode.c.objc; path = "NSData+ImageContentType.m"; sourceTree = "<group>"; };
		DF81C4981C317E8300A5016D /* SDImageCache.h */ = {isa = PBXFileReference; fileEncoding = 4; lastKnownFileType = sourcecode.c.h; path = SDImageCache.h; sourceTree = "<group>"; };
		DF81C4991C317E8300A5016D /* SDImageCache.m */ = {isa = PBXFileReference; fileEncoding = 4; lastKnownFileType = sourcecode.c.objc; path = SDImageCache.m; sourceTree = "<group>"; };
		DF81C49A1C317E8300A5016D /* SDWebImageCompat.h */ = {isa = PBXFileReference; fileEncoding = 4; lastKnownFileType = sourcecode.c.h; path = SDWebImageCompat.h; sourceTree = "<group>"; };
		DF81C49B1C317E8300A5016D /* SDWebImageCompat.m */ = {isa = PBXFileReference; fileEncoding = 4; lastKnownFileType = sourcecode.c.objc; path = SDWebImageCompat.m; sourceTree = "<group>"; };
		DF81C49C1C317E8300A5016D /* SDWebImageDecoder.h */ = {isa = PBXFileReference; fileEncoding = 4; lastKnownFileType = sourcecode.c.h; path = SDWebImageDecoder.h; sourceTree = "<group>"; };
		DF81C49D1C317E8300A5016D /* SDWebImageDecoder.m */ = {isa = PBXFileReference; fileEncoding = 4; lastKnownFileType = sourcecode.c.objc; path = SDWebImageDecoder.m; sourceTree = "<group>"; };
		DF81C49E1C317E8300A5016D /* SDWebImageDownloader.h */ = {isa = PBXFileReference; fileEncoding = 4; lastKnownFileType = sourcecode.c.h; path = SDWebImageDownloader.h; sourceTree = "<group>"; };
		DF81C49F1C317E8300A5016D /* SDWebImageDownloader.m */ = {isa = PBXFileReference; fileEncoding = 4; lastKnownFileType = sourcecode.c.objc; path = SDWebImageDownloader.m; sourceTree = "<group>"; };
		DF81C4A01C317E8300A5016D /* SDWebImageDownloaderOperation.h */ = {isa = PBXFileReference; fileEncoding = 4; lastKnownFileType = sourcecode.c.h; path = SDWebImageDownloaderOperation.h; sourceTree = "<group>"; };
		DF81C4A11C317E8300A5016D /* SDWebImageDownloaderOperation.m */ = {isa = PBXFileReference; fileEncoding = 4; lastKnownFileType = sourcecode.c.objc; path = SDWebImageDownloaderOperation.m; sourceTree = "<group>"; };
		DF81C4A21C317E8300A5016D /* SDWebImageManager.h */ = {isa = PBXFileReference; fileEncoding = 4; lastKnownFileType = sourcecode.c.h; path = SDWebImageManager.h; sourceTree = "<group>"; };
		DF81C4A31C317E8300A5016D /* SDWebImageManager.m */ = {isa = PBXFileReference; fileEncoding = 4; lastKnownFileType = sourcecode.c.objc; path = SDWebImageManager.m; sourceTree = "<group>"; };
		DF81C4A41C317E8300A5016D /* SDWebImageOperation.h */ = {isa = PBXFileReference; fileEncoding = 4; lastKnownFileType = sourcecode.c.h; path = SDWebImageOperation.h; sourceTree = "<group>"; };
		DF81C4A51C317E8300A5016D /* SDWebImagePrefetcher.h */ = {isa = PBXFileReference; fileEncoding = 4; lastKnownFileType = sourcecode.c.h; path = SDWebImagePrefetcher.h; sourceTree = "<group>"; };
		DF81C4A61C317E8300A5016D /* SDWebImagePrefetcher.m */ = {isa = PBXFileReference; fileEncoding = 4; lastKnownFileType = sourcecode.c.objc; path = SDWebImagePrefetcher.m; sourceTree = "<group>"; };
		DF81C4A71C317E8300A5016D /* UIButton+WebCache.h */ = {isa = PBXFileReference; fileEncoding = 4; lastKnownFileType = sourcecode.c.h; path = "UIButton+WebCache.h"; sourceTree = "<group>"; };
		DF81C4A81C317E8300A5016D /* UIButton+WebCache.m */ = {isa = PBXFileReference; fileEncoding = 4; lastKnownFileType = sourcecode.c.objc; path = "UIButton+WebCache.m"; sourceTree = "<group>"; };
		DF81C4A91C317E8300A5016D /* UIImage+GIF.h */ = {isa = PBXFileReference; fileEncoding = 4; lastKnownFileType = sourcecode.c.h; path = "UIImage+GIF.h"; sourceTree = "<group>"; };
		DF81C4AA1C317E8300A5016D /* UIImage+GIF.m */ = {isa = PBXFileReference; fileEncoding = 4; lastKnownFileType = sourcecode.c.objc; path = "UIImage+GIF.m"; sourceTree = "<group>"; };
		DF81C4AB1C317E8300A5016D /* UIImage+MultiFormat.h */ = {isa = PBXFileReference; fileEncoding = 4; lastKnownFileType = sourcecode.c.h; path = "UIImage+MultiFormat.h"; sourceTree = "<group>"; };
		DF81C4AC1C317E8300A5016D /* UIImage+MultiFormat.m */ = {isa = PBXFileReference; fileEncoding = 4; lastKnownFileType = sourcecode.c.objc; path = "UIImage+MultiFormat.m"; sourceTree = "<group>"; };
		DF81C4AD1C317E8300A5016D /* UIImage+WebP.h */ = {isa = PBXFileReference; fileEncoding = 4; lastKnownFileType = sourcecode.c.h; path = "UIImage+WebP.h"; sourceTree = "<group>"; };
		DF81C4AE1C317E8300A5016D /* UIImage+WebP.m */ = {isa = PBXFileReference; fileEncoding = 4; lastKnownFileType = sourcecode.c.objc; path = "UIImage+WebP.m"; sourceTree = "<group>"; };
		DF81C4AF1C317E8300A5016D /* UIImageView+HighlightedWebCache.h */ = {isa = PBXFileReference; fileEncoding = 4; lastKnownFileType = sourcecode.c.h; path = "UIImageView+HighlightedWebCache.h"; sourceTree = "<group>"; };
		DF81C4B01C317E8300A5016D /* UIImageView+HighlightedWebCache.m */ = {isa = PBXFileReference; fileEncoding = 4; lastKnownFileType = sourcecode.c.objc; path = "UIImageView+HighlightedWebCache.m"; sourceTree = "<group>"; };
		DF81C4B11C317E8300A5016D /* UIImageView+WebCache.h */ = {isa = PBXFileReference; fileEncoding = 4; lastKnownFileType = sourcecode.c.h; path = "UIImageView+WebCache.h"; sourceTree = "<group>"; };
		DF81C4B21C317E8300A5016D /* UIImageView+WebCache.m */ = {isa = PBXFileReference; fileEncoding = 4; lastKnownFileType = sourcecode.c.objc; path = "UIImageView+WebCache.m"; sourceTree = "<group>"; };
		DF81C4B31C317E8300A5016D /* UIView+WebCacheOperation.h */ = {isa = PBXFileReference; fileEncoding = 4; lastKnownFileType = sourcecode.c.h; path = "UIView+WebCacheOperation.h"; sourceTree = "<group>"; };
		DF81C4B41C317E8300A5016D /* UIView+WebCacheOperation.m */ = {isa = PBXFileReference; fileEncoding = 4; lastKnownFileType = sourcecode.c.objc; path = "UIView+WebCacheOperation.m"; sourceTree = "<group>"; };
		DF81C4DA1C317F1500A5016D /* myNewsViewController.h */ = {isa = PBXFileReference; fileEncoding = 4; lastKnownFileType = sourcecode.c.h; path = myNewsViewController.h; sourceTree = "<group>"; };
		DF81C4DB1C317F1500A5016D /* myNewsViewController.m */ = {isa = PBXFileReference; fileEncoding = 4; lastKnownFileType = sourcecode.c.objc; path = myNewsViewController.m; sourceTree = "<group>"; };
		DF81C4DC1C317F1500A5016D /* publishViewController.h */ = {isa = PBXFileReference; fileEncoding = 4; lastKnownFileType = sourcecode.c.h; path = publishViewController.h; sourceTree = "<group>"; };
		DF81C4DD1C317F1500A5016D /* publishViewController.m */ = {isa = PBXFileReference; fileEncoding = 4; lastKnownFileType = sourcecode.c.objc; path = publishViewController.m; sourceTree = "<group>"; };
		DF81C4DF1C317F1500A5016D /* MKPhoto.h */ = {isa = PBXFileReference; fileEncoding = 4; lastKnownFileType = sourcecode.c.h; path = MKPhoto.h; sourceTree = "<group>"; };
		DF81C4E01C317F1500A5016D /* MKPhoto.m */ = {isa = PBXFileReference; fileEncoding = 4; lastKnownFileType = sourcecode.c.objc; path = MKPhoto.m; sourceTree = "<group>"; };
		DF81C4E11C317F1500A5016D /* MKPost.h */ = {isa = PBXFileReference; fileEncoding = 4; lastKnownFileType = sourcecode.c.h; path = MKPost.h; sourceTree = "<group>"; };
		DF81C4E21C317F1500A5016D /* MKPost.m */ = {isa = PBXFileReference; fileEncoding = 4; lastKnownFileType = sourcecode.c.objc; path = MKPost.m; sourceTree = "<group>"; };
		DF81C4E31C317F1500A5016D /* MKPostFrame.h */ = {isa = PBXFileReference; fileEncoding = 4; lastKnownFileType = sourcecode.c.h; path = MKPostFrame.h; sourceTree = "<group>"; };
		DF81C4E41C317F1500A5016D /* MKPostFrame.m */ = {isa = PBXFileReference; fileEncoding = 4; lastKnownFileType = sourcecode.c.objc; path = MKPostFrame.m; sourceTree = "<group>"; };
		DF81C4E51C317F1500A5016D /* MKUser.h */ = {isa = PBXFileReference; fileEncoding = 4; lastKnownFileType = sourcecode.c.h; path = MKUser.h; sourceTree = "<group>"; };
		DF81C4E61C317F1500A5016D /* MKUser.m */ = {isa = PBXFileReference; fileEncoding = 4; lastKnownFileType = sourcecode.c.objc; path = MKUser.m; sourceTree = "<group>"; };
		DF81C4E81C317F1500A5016D /* MKPhotoView.h */ = {isa = PBXFileReference; fileEncoding = 4; lastKnownFileType = sourcecode.c.h; path = MKPhotoView.h; sourceTree = "<group>"; };
		DF81C4E91C317F1500A5016D /* MKPhotoView.m */ = {isa = PBXFileReference; fileEncoding = 4; lastKnownFileType = sourcecode.c.objc; path = MKPhotoView.m; sourceTree = "<group>"; };
		DF81C4EA1C317F1500A5016D /* MKPostTopView.h */ = {isa = PBXFileReference; fileEncoding = 4; lastKnownFileType = sourcecode.c.h; path = MKPostTopView.h; sourceTree = "<group>"; };
		DF81C4EB1C317F1500A5016D /* MKPostTopView.m */ = {isa = PBXFileReference; fileEncoding = 4; lastKnownFileType = sourcecode.c.objc; path = MKPostTopView.m; sourceTree = "<group>"; };
		DF81C4F51C317F3400A5016D /* AffairViewController.h */ = {isa = PBXFileReference; fileEncoding = 4; lastKnownFileType = sourcecode.c.h; path = AffairViewController.h; sourceTree = "<group>"; };
		DF81C4F61C317F3400A5016D /* AffairViewController.m */ = {isa = PBXFileReference; fileEncoding = 4; lastKnownFileType = sourcecode.c.objc; path = AffairViewController.m; sourceTree = "<group>"; };
		DF81C4FB1C317F4700A5016D /* loginViewController.h */ = {isa = PBXFileReference; fileEncoding = 4; lastKnownFileType = sourcecode.c.h; path = loginViewController.h; sourceTree = "<group>"; };
		DF81C4FC1C317F4700A5016D /* loginViewController.m */ = {isa = PBXFileReference; fileEncoding = 4; lastKnownFileType = sourcecode.c.objc; path = loginViewController.m; sourceTree = "<group>"; };
		DF81C4FD1C317F4700A5016D /* registerViewController.h */ = {isa = PBXFileReference; fileEncoding = 4; lastKnownFileType = sourcecode.c.h; path = registerViewController.h; sourceTree = "<group>"; };
		DF81C4FE1C317F4700A5016D /* registerViewController.m */ = {isa = PBXFileReference; fileEncoding = 4; lastKnownFileType = sourcecode.c.objc; path = registerViewController.m; sourceTree = "<group>"; };
		DF81C5031C3184A000A5016D /* BmobSDK.framework */ = {isa = PBXFileReference; lastKnownFileType = wrapper.framework; name = BmobSDK.framework; path = Newwws/Framework/BmobSDK.framework; sourceTree = "<group>"; };
		DF81C5051C3184FA00A5016D /* bmobOperation.h */ = {isa = PBXFileReference; fileEncoding = 4; lastKnownFileType = sourcecode.c.h; name = bmobOperation.h; path = Newwws/tools/bmobOperation.h; sourceTree = SOURCE_ROOT; };
		DF81C5061C3184FA00A5016D /* bmobOperation.m */ = {isa = PBXFileReference; fileEncoding = 4; lastKnownFileType = sourcecode.c.objc; name = bmobOperation.m; path = Newwws/tools/bmobOperation.m; sourceTree = SOURCE_ROOT; };
		DF81C5071C3184FA00A5016D /* utility.h */ = {isa = PBXFileReference; fileEncoding = 4; lastKnownFileType = sourcecode.c.h; name = utility.h; path = Newwws/tools/utility.h; sourceTree = SOURCE_ROOT; };
		DF81C5081C3184FA00A5016D /* utility.m */ = {isa = PBXFileReference; fileEncoding = 4; lastKnownFileType = sourcecode.c.objc; name = utility.m; path = Newwws/tools/utility.m; sourceTree = SOURCE_ROOT; };
		DF81C50B1C31851F00A5016D /* Default-568h@2x.png */ = {isa = PBXFileReference; lastKnownFileType = image.png; path = "Default-568h@2x.png"; sourceTree = "<group>"; };
		DF81C50D1C31860900A5016D /* Main.storyboard */ = {isa = PBXFileReference; fileEncoding = 4; lastKnownFileType = file.storyboard; path = Main.storyboard; sourceTree = SOURCE_ROOT; };
		DF8D71E51C3BF3460013A2AC /* MJPhoto.h */ = {isa = PBXFileReference; fileEncoding = 4; lastKnownFileType = sourcecode.c.h; path = MJPhoto.h; sourceTree = "<group>"; };
		DF8D71E61C3BF3460013A2AC /* MJPhoto.m */ = {isa = PBXFileReference; fileEncoding = 4; lastKnownFileType = sourcecode.c.objc; path = MJPhoto.m; sourceTree = "<group>"; };
		DF8D71E71C3BF3460013A2AC /* MJPhotoBrowser.bundle */ = {isa = PBXFileReference; lastKnownFileType = "wrapper.plug-in"; path = MJPhotoBrowser.bundle; sourceTree = "<group>"; };
		DF8D71E81C3BF3460013A2AC /* MJPhotoBrowser.h */ = {isa = PBXFileReference; fileEncoding = 4; lastKnownFileType = sourcecode.c.h; path = MJPhotoBrowser.h; sourceTree = "<group>"; };
		DF8D71E91C3BF3460013A2AC /* MJPhotoBrowser.m */ = {isa = PBXFileReference; fileEncoding = 4; lastKnownFileType = sourcecode.c.objc; path = MJPhotoBrowser.m; sourceTree = "<group>"; };
		DF8D71EA1C3BF3460013A2AC /* MJPhotoLoadingView.h */ = {isa = PBXFileReference; fileEncoding = 4; lastKnownFileType = sourcecode.c.h; path = MJPhotoLoadingView.h; sourceTree = "<group>"; };
		DF8D71EB1C3BF3460013A2AC /* MJPhotoLoadingView.m */ = {isa = PBXFileReference; fileEncoding = 4; lastKnownFileType = sourcecode.c.objc; path = MJPhotoLoadingView.m; sourceTree = "<group>"; };
		DF8D71EC1C3BF3460013A2AC /* MJPhotoProgressView.h */ = {isa = PBXFileReference; fileEncoding = 4; lastKnownFileType = sourcecode.c.h; path = MJPhotoProgressView.h; sourceTree = "<group>"; };
		DF8D71ED1C3BF3460013A2AC /* MJPhotoProgressView.m */ = {isa = PBXFileReference; fileEncoding = 4; lastKnownFileType = sourcecode.c.objc; path = MJPhotoProgressView.m; sourceTree = "<group>"; };
		DF8D71EE1C3BF3460013A2AC /* MJPhotoToolbar.h */ = {isa = PBXFileReference; fileEncoding = 4; lastKnownFileType = sourcecode.c.h; path = MJPhotoToolbar.h; sourceTree = "<group>"; };
		DF8D71EF1C3BF3460013A2AC /* MJPhotoToolbar.m */ = {isa = PBXFileReference; fileEncoding = 4; lastKnownFileType = sourcecode.c.objc; path = MJPhotoToolbar.m; sourceTree = "<group>"; };
		DF8D71F01C3BF3460013A2AC /* MJPhotoView.h */ = {isa = PBXFileReference; fileEncoding = 4; lastKnownFileType = sourcecode.c.h; path = MJPhotoView.h; sourceTree = "<group>"; };
		DF8D71F11C3BF3460013A2AC /* MJPhotoView.m */ = {isa = PBXFileReference; fileEncoding = 4; lastKnownFileType = sourcecode.c.objc; path = MJPhotoView.m; sourceTree = "<group>"; };
		DF8D71F21C3BF3460013A2AC /* UIImageView+MJWebCache.h */ = {isa = PBXFileReference; fileEncoding = 4; lastKnownFileType = sourcecode.c.h; path = "UIImageView+MJWebCache.h"; sourceTree = "<group>"; };
		DF8D71F31C3BF3460013A2AC /* UIImageView+MJWebCache.m */ = {isa = PBXFileReference; fileEncoding = 4; lastKnownFileType = sourcecode.c.objc; path = "UIImageView+MJWebCache.m"; sourceTree = "<group>"; };
		DF8D71FC1C3BFA3E0013A2AC /* UIKit.framework */ = {isa = PBXFileReference; lastKnownFileType = wrapper.framework; name = UIKit.framework; path = System/Library/Frameworks/UIKit.framework; sourceTree = SDKROOT; };
		DF8D71FE1C3BFA5C0013A2AC /* Foundation.framework */ = {isa = PBXFileReference; lastKnownFileType = wrapper.framework; name = Foundation.framework; path = System/Library/Frameworks/Foundation.framework; sourceTree = SDKROOT; };
		DF8D72021C3BFC920013A2AC /* SVIndefiniteAnimatedView.h */ = {isa = PBXFileReference; fileEncoding = 4; lastKnownFileType = sourcecode.c.h; path = SVIndefiniteAnimatedView.h; sourceTree = "<group>"; };
		DF8D72031C3BFC920013A2AC /* SVIndefiniteAnimatedView.m */ = {isa = PBXFileReference; fileEncoding = 4; lastKnownFileType = sourcecode.c.objc; path = SVIndefiniteAnimatedView.m; sourceTree = "<group>"; };
		DF8D72041C3BFC920013A2AC /* SVProgressHUD-Prefix.pch */ = {isa = PBXFileReference; fileEncoding = 4; lastKnownFileType = sourcecode.c.h; path = "SVProgressHUD-Prefix.pch"; sourceTree = "<group>"; };
		DF8D72051C3BFC920013A2AC /* SVProgressHUD.bundle */ = {isa = PBXFileReference; lastKnownFileType = "wrapper.plug-in"; path = SVProgressHUD.bundle; sourceTree = "<group>"; };
		DF8D72061C3BFC920013A2AC /* SVProgressHUD.h */ = {isa = PBXFileReference; fileEncoding = 4; lastKnownFileType = sourcecode.c.h; path = SVProgressHUD.h; sourceTree = "<group>"; };
		DF8D72071C3BFC920013A2AC /* SVProgressHUD.m */ = {isa = PBXFileReference; fileEncoding = 4; lastKnownFileType = sourcecode.c.objc; path = SVProgressHUD.m; sourceTree = "<group>"; };
		DF9673A81C40B5F10067EE76 /* forgetPassWardViewController.h */ = {isa = PBXFileReference; fileEncoding = 4; lastKnownFileType = sourcecode.c.h; path = forgetPassWardViewController.h; sourceTree = "<group>"; };
		DF9673A91C40B5F10067EE76 /* forgetPassWardViewController.m */ = {isa = PBXFileReference; fileEncoding = 4; lastKnownFileType = sourcecode.c.objc; path = forgetPassWardViewController.m; sourceTree = "<group>"; };
		DF9673AA1C40B5F10067EE76 /* MMZCHMViewController.h */ = {isa = PBXFileReference; fileEncoding = 4; lastKnownFileType = sourcecode.c.h; path = MMZCHMViewController.h; sourceTree = "<group>"; };
		DF9673AB1C40B5F10067EE76 /* MMZCHMViewController.m */ = {isa = PBXFileReference; fileEncoding = 4; lastKnownFileType = sourcecode.c.objc; path = MMZCHMViewController.m; sourceTree = "<group>"; };
		DF9673AC1C40B5F10067EE76 /* LogViewController.h */ = {isa = PBXFileReference; fileEncoding = 4; lastKnownFileType = sourcecode.c.h; path = LogViewController.h; sourceTree = "<group>"; };
		DF9673AD1C40B5F10067EE76 /* LogViewController.m */ = {isa = PBXFileReference; fileEncoding = 4; lastKnownFileType = sourcecode.c.objc; path = LogViewController.m; sourceTree = "<group>"; };
		DF9673AE1C40B5F10067EE76 /* newPassWardViewController.h */ = {isa = PBXFileReference; fileEncoding = 4; lastKnownFileType = sourcecode.c.h; path = newPassWardViewController.h; sourceTree = "<group>"; };
		DF9673AF1C40B5F10067EE76 /* newPassWardViewController.m */ = {isa = PBXFileReference; fileEncoding = 4; lastKnownFileType = sourcecode.c.objc; path = newPassWardViewController.m; sourceTree = "<group>"; };
		DF9673B01C40B5F10067EE76 /* settingPassWardViewController.h */ = {isa = PBXFileReference; fileEncoding = 4; lastKnownFileType = sourcecode.c.h; path = settingPassWardViewController.h; sourceTree = "<group>"; };
		DF9673B11C40B5F10067EE76 /* settingPassWardViewController.m */ = {isa = PBXFileReference; fileEncoding = 4; lastKnownFileType = sourcecode.c.objc; path = settingPassWardViewController.m; sourceTree = "<group>"; };
		DF9673B21C40B5F10067EE76 /* settinhHeaderViewController.h */ = {isa = PBXFileReference; fileEncoding = 4; lastKnownFileType = sourcecode.c.h; path = settinhHeaderViewController.h; sourceTree = "<group>"; };
		DF9673B31C40B5F10067EE76 /* settinhHeaderViewController.m */ = {isa = PBXFileReference; fileEncoding = 4; lastKnownFileType = sourcecode.c.objc; path = settinhHeaderViewController.m; sourceTree = "<group>"; };
		DF9673BA1C40BFEB0067EE76 /* homeTabBarController.h */ = {isa = PBXFileReference; fileEncoding = 4; lastKnownFileType = sourcecode.c.h; name = homeTabBarController.h; path = Newwws/Classes/Home/Controller/homeTabBarController.h; sourceTree = SOURCE_ROOT; };
		DF9673BB1C40BFEB0067EE76 /* homeTabBarController.m */ = {isa = PBXFileReference; fileEncoding = 4; lastKnownFileType = sourcecode.c.objc; name = homeTabBarController.m; path = Newwws/Classes/Home/Controller/homeTabBarController.m; sourceTree = SOURCE_ROOT; };
		DFD6BA701C3AB6410072AB9F /* UIImage+Extend.h */ = {isa = PBXFileReference; fileEncoding = 4; lastKnownFileType = sourcecode.c.h; path = "UIImage+Extend.h"; sourceTree = SOURCE_ROOT; };
		DFD6BA711C3AB6410072AB9F /* UIImage+Extend.m */ = {isa = PBXFileReference; fileEncoding = 4; lastKnownFileType = sourcecode.c.objc; path = "UIImage+Extend.m"; sourceTree = SOURCE_ROOT; };
		DFE6C7D21C38BDAF00C4683E /* MKConst.h */ = {isa = PBXFileReference; lastKnownFileType = sourcecode.c.h; name = MKConst.h; path = Newwws/other/MKConst.h; sourceTree = SOURCE_ROOT; };
		DFE6C7D31C390C2800C4683E /* MKPostCell.h */ = {isa = PBXFileReference; fileEncoding = 4; lastKnownFileType = sourcecode.c.h; path = MKPostCell.h; sourceTree = "<group>"; };
		DFE6C7D41C390C2800C4683E /* MKPostCell.m */ = {isa = PBXFileReference; fileEncoding = 4; lastKnownFileType = sourcecode.c.objc; path = MKPostCell.m; sourceTree = "<group>"; };
		DFEF2F621B75A9A0006342C9 /* CoreLocation.framework */ = {isa = PBXFileReference; lastKnownFileType = wrapper.framework; name = CoreLocation.framework; path = System/Library/Frameworks/CoreLocation.framework; sourceTree = SDKROOT; };
		DFEF2F641B75A9AA006342C9 /* Security.framework */ = {isa = PBXFileReference; lastKnownFileType = wrapper.framework; name = Security.framework; path = System/Library/Frameworks/Security.framework; sourceTree = SDKROOT; };
		DFEF2F661B75A9B6006342C9 /* CoreGraphics.framework */ = {isa = PBXFileReference; lastKnownFileType = wrapper.framework; name = CoreGraphics.framework; path = System/Library/Frameworks/CoreGraphics.framework; sourceTree = SDKROOT; };
		DFEF2F681B75A9C3006342C9 /* MobileCoreServices.framework */ = {isa = PBXFileReference; lastKnownFileType = wrapper.framework; name = MobileCoreServices.framework; path = System/Library/Frameworks/MobileCoreServices.framework; sourceTree = SDKROOT; };
		DFEF2F6A1B75A9CE006342C9 /* CFNetwork.framework */ = {isa = PBXFileReference; lastKnownFileType = wrapper.framework; name = CFNetwork.framework; path = System/Library/Frameworks/CFNetwork.framework; sourceTree = SDKROOT; };
		DFEF2F6C1B75A9D8006342C9 /* CoreTelephony.framework */ = {isa = PBXFileReference; lastKnownFileType = wrapper.framework; name = CoreTelephony.framework; path = System/Library/Frameworks/CoreTelephony.framework; sourceTree = SDKROOT; };
		DFEF2F6E1B75A9E2006342C9 /* SystemConfiguration.framework */ = {isa = PBXFileReference; lastKnownFileType = wrapper.framework; name = SystemConfiguration.framework; path = System/Library/Frameworks/SystemConfiguration.framework; sourceTree = SDKROOT; };
		DFEF2F761B75AA13006342C9 /* AVFoundation.framework */ = {isa = PBXFileReference; lastKnownFileType = wrapper.framework; name = AVFoundation.framework; path = System/Library/Frameworks/AVFoundation.framework; sourceTree = SDKROOT; };
		DFEF2F781B75AA1D006342C9 /* MediaPlayer.framework */ = {isa = PBXFileReference; lastKnownFileType = wrapper.framework; name = MediaPlayer.framework; path = System/Library/Frameworks/MediaPlayer.framework; sourceTree = SDKROOT; };
/* End PBXFileReference section */

/* Begin PBXFrameworksBuildPhase section */
		DF587F201B2B00FA009AB71A /* Frameworks */ = {
			isa = PBXFrameworksBuildPhase;
			buildActionMask = 2147483647;
			files = (
				DF8D71FF1C3BFA5C0013A2AC /* Foundation.framework in Frameworks */,
				DF8D71FD1C3BFA3E0013A2AC /* UIKit.framework in Frameworks */,
				DF3A49541C32C62C00EC0600 /* libsqlite3.dylib in Frameworks */,
				DF3A49521C32C60E00EC0600 /* libicucore.A.dylib in Frameworks */,
				DF3A49501C32C5B900EC0600 /* libz.1.dylib in Frameworks */,
				DF6F06BF1C26A2AE007D027F /* AssetsLibrary.framework in Frameworks */,
				DFEF2F791B75AA1D006342C9 /* MediaPlayer.framework in Frameworks */,
				DFEF2F771B75AA13006342C9 /* AVFoundation.framework in Frameworks */,
				DFEF2F6F1B75A9E2006342C9 /* SystemConfiguration.framework in Frameworks */,
				DFEF2F6D1B75A9D8006342C9 /* CoreTelephony.framework in Frameworks */,
				DFEF2F6B1B75A9CE006342C9 /* CFNetwork.framework in Frameworks */,
				DFEF2F691B75A9C3006342C9 /* MobileCoreServices.framework in Frameworks */,
				DFEF2F671B75A9B6006342C9 /* CoreGraphics.framework in Frameworks */,
				DFEF2F651B75A9AA006342C9 /* Security.framework in Frameworks */,
				DFEF2F631B75A9A0006342C9 /* CoreLocation.framework in Frameworks */,
				DF81C5041C3184A000A5016D /* BmobSDK.framework in Frameworks */,
			);
			runOnlyForDeploymentPostprocessing = 0;
		};
		DF587F391B2B00FA009AB71A /* Frameworks */ = {
			isa = PBXFrameworksBuildPhase;
			buildActionMask = 2147483647;
			files = (
				DF81C51A1C318D6D00A5016D /* MobileCoreServices.framework in Frameworks */,
				DF81C5191C318D5E00A5016D /* CoreLocation.framework in Frameworks */,
				DF81C5181C318D5600A5016D /* Security.framework in Frameworks */,
				DF81C5171C318D4E00A5016D /* CoreGraphics.framework in Frameworks */,
				DF81C5161C318D4800A5016D /* CFNetwork.framework in Frameworks */,
				DF81C5151C318D3E00A5016D /* CoreTelephony.framework in Frameworks */,
				DF81C5141C318D3800A5016D /* SystemConfiguration.framework in Frameworks */,
				DF81C5131C318D2E00A5016D /* AVFoundation.framework in Frameworks */,
				DF81C5121C318D2700A5016D /* MediaPlayer.framework in Frameworks */,
				DF81C5111C318D1F00A5016D /* AssetsLibrary.framework in Frameworks */,
			);
			runOnlyForDeploymentPostprocessing = 0;
		};
/* End PBXFrameworksBuildPhase section */

/* Begin PBXGroup section */
		DF2CB5551C31729D00F837DB /* Framework */ = {
			isa = PBXGroup;
			children = (
				DF8D71FC1C3BFA3E0013A2AC /* UIKit.framework */,
				DF81C5031C3184A000A5016D /* BmobSDK.framework */,
				DF6F06BE1C26A2AE007D027F /* AssetsLibrary.framework */,
				DFEF2F781B75AA1D006342C9 /* MediaPlayer.framework */,
				DFEF2F761B75AA13006342C9 /* AVFoundation.framework */,
				DFEF2F6E1B75A9E2006342C9 /* SystemConfiguration.framework */,
				DFEF2F6C1B75A9D8006342C9 /* CoreTelephony.framework */,
				DFEF2F6A1B75A9CE006342C9 /* CFNetwork.framework */,
				DFEF2F681B75A9C3006342C9 /* MobileCoreServices.framework */,
				DFEF2F661B75A9B6006342C9 /* CoreGraphics.framework */,
				DFEF2F641B75A9AA006342C9 /* Security.framework */,
				DFEF2F621B75A9A0006342C9 /* CoreLocation.framework */,
			);
			name = Framework;
			sourceTree = "<group>";
		};
		DF2CB5571C3172FA00F837DB /* other */ = {
			isa = PBXGroup;
			children = (
				DFE6C7D21C38BDAF00C4683E /* MKConst.h */,
				DF2CB5581C31730800F837DB /* lib */,
			);
			name = other;
			sourceTree = "<group>";
		};
		DF2CB5581C31730800F837DB /* lib */ = {
			isa = PBXGroup;
			children = (
				DF8D72011C3BFC920013A2AC /* SVProgressHUD */,
				DF8D71E41C3BF3460013A2AC /* MJPhotoBrowser */,
				DF81C46A1C317E8300A5016D /* ELCImagePicker */,
				DF81C4821C317E8300A5016D /* MJRefresh */,
				DF81C4931C317E8300A5016D /* SDWebImage */,
			);
			name = lib;
			sourceTree = "<group>";
		};
		DF2CB5A51C31736C00F837DB /* Classes */ = {
			isa = PBXGroup;
			children = (
				DFD6BA6F1C3AB6200072AB9F /* Category */,
				DF2CB5A81C3173A000F837DB /* me */,
				DF2CB5A71C31738800F837DB /* Discover */,
				DF2CB5A61C31737900F837DB /* Home */,
			);
			name = Classes;
			sourceTree = "<group>";
		};
		DF2CB5A61C31737900F837DB /* Home */ = {
			isa = PBXGroup;
			children = (
				DF81C4D91C317F1500A5016D /* Controller */,
				DF81C4DE1C317F1500A5016D /* Model */,
				DF81C4E71C317F1500A5016D /* View */,
			);
			name = Home;
			sourceTree = "<group>";
		};
		DF2CB5A71C31738800F837DB /* Discover */ = {
			isa = PBXGroup;
			children = (
				DF81C4F41C317F3400A5016D /* Controller */,
				DF81C4F71C317F3400A5016D /* Model */,
				DF81C4F81C317F3400A5016D /* View */,
			);
			name = Discover;
			sourceTree = "<group>";
		};
		DF2CB5A81C3173A000F837DB /* me */ = {
			isa = PBXGroup;
			children = (
				DF81C4FA1C317F4700A5016D /* Controller */,
				DF81C4FF1C317F4700A5016D /* Model */,
				DF81C5001C317F4700A5016D /* View */,
			);
			name = me;
			sourceTree = "<group>";
		};
		DF2CB5C21C31798E00F837DB /* tools */ = {
			isa = PBXGroup;
			children = (
				DF81C5051C3184FA00A5016D /* bmobOperation.h */,
				DF81C5061C3184FA00A5016D /* bmobOperation.m */,
				DF81C5071C3184FA00A5016D /* utility.h */,
				DF81C5081C3184FA00A5016D /* utility.m */,
			);
			name = tools;
			sourceTree = "<group>";
		};
		DF587F1A1B2B00FA009AB71A = {
			isa = PBXGroup;
			children = (
				DF8D71FE1C3BFA5C0013A2AC /* Foundation.framework */,
				DF3A49531C32C62C00EC0600 /* libsqlite3.dylib */,
				DF3A49511C32C60E00EC0600 /* libicucore.A.dylib */,
				DF3A494F1C32C5B900EC0600 /* libz.1.dylib */,
				DF81C50B1C31851F00A5016D /* Default-568h@2x.png */,
				DF2CB5551C31729D00F837DB /* Framework */,
				DF587F251B2B00FA009AB71A /* Newwws */,
				DF587F3F1B2B00FA009AB71A /* NewwwsTests */,
				DF587F241B2B00FA009AB71A /* Products */,
			);
			sourceTree = "<group>";
		};
		DF587F241B2B00FA009AB71A /* Products */ = {
			isa = PBXGroup;
			children = (
				DF587F231B2B00FA009AB71A /* Newwws.app */,
				DF587F3C1B2B00FA009AB71A /* Newwws.xctest */,
			);
			name = Products;
			sourceTree = "<group>";
		};
		DF587F251B2B00FA009AB71A /* Newwws */ = {
			isa = PBXGroup;
			children = (
				DF2CB5C21C31798E00F837DB /* tools */,
				DF2CB5571C3172FA00F837DB /* other */,
				DF2CB5A51C31736C00F837DB /* Classes */,
				DF587F261B2B00FA009AB71A /* Supporting Files */,
			);
			name = Newwws;
			path = firstAP;
			sourceTree = "<group>";
		};
		DF587F261B2B00FA009AB71A /* Supporting Files */ = {
			isa = PBXGroup;
			children = (
				DF81C4621C317C8B00A5016D /* Info.plist */,
				DF81C50D1C31860900A5016D /* Main.storyboard */,
				DF81C45F1C317C8B00A5016D /* AppDelegate.h */,
				DF81C4601C317C8B00A5016D /* AppDelegate.m */,
				DF81C4611C317C8B00A5016D /* images.xcassets */,
				DF81C4631C317C8B00A5016D /* main.m */,
				DF81C4641C317C8B00A5016D /* star.png */,
			);
			name = "Supporting Files";
			sourceTree = "<group>";
		};
		DF587F3F1B2B00FA009AB71A /* NewwwsTests */ = {
			isa = PBXGroup;
			children = (
				DF587F401B2B00FA009AB71A /* Supporting Files */,
			);
			name = NewwwsTests;
			path = firstAPTests;
			sourceTree = "<group>";
		};
		DF587F401B2B00FA009AB71A /* Supporting Files */ = {
			isa = PBXGroup;
			children = (
			);
			name = "Supporting Files";
			sourceTree = "<group>";
		};
		DF81C46A1C317E8300A5016D /* ELCImagePicker */ = {
			isa = PBXGroup;
			children = (
				DF81C46B1C317E8300A5016D /* ELCAlbumPickerController.h */,
				DF81C46C1C317E8300A5016D /* ELCAlbumPickerController.m */,
				DF81C46D1C317E8300A5016D /* ELCAsset.h */,
				DF81C46E1C317E8300A5016D /* ELCAsset.m */,
				DF81C46F1C317E8300A5016D /* ELCAssetCell.h */,
				DF81C4701C317E8300A5016D /* ELCAssetCell.m */,
				DF81C4711C317E8300A5016D /* ELCAssetPickerFilterDelegate.h */,
				DF81C4721C317E8300A5016D /* ELCAssetSelectionDelegate.h */,
				DF81C4731C317E8300A5016D /* ELCAssetTablePicker.h */,
				DF81C4741C317E8300A5016D /* ELCAssetTablePicker.m */,
				DF81C4751C317E8300A5016D /* ELCConsole.h */,
				DF81C4761C317E8300A5016D /* ELCConsole.m */,
				DF81C4771C317E8300A5016D /* ELCImagePickerController.h */,
				DF81C4781C317E8300A5016D /* ELCImagePickerController.m */,
				DF81C4791C317E8300A5016D /* ELCImagePickerHeader.h */,
				DF81C47A1C317E8300A5016D /* ELCOverlayImageView.h */,
				DF81C47B1C317E8300A5016D /* ELCOverlayImageView.m */,
				DF81C47C1C317E8300A5016D /* Resources */,
			);
			name = ELCImagePicker;
			path = Newwws/other/lib/ELCImagePicker;
			sourceTree = SOURCE_ROOT;
		};
		DF81C47C1C317E8300A5016D /* Resources */ = {
			isa = PBXGroup;
			children = (
				DF81C47D1C317E8300A5016D /* ELCAlbumPickerController.xib */,
				DF81C47E1C317E8300A5016D /* ELCAssetPicker.xib */,
				DF81C47F1C317E8300A5016D /* ELCAssetTablePicker.xib */,
				DF81C4801C317E8300A5016D /* Overlay.png */,
				DF81C4811C317E8300A5016D /* Overlay@2x.png */,
			);
			path = Resources;
			sourceTree = "<group>";
		};
		DF81C4821C317E8300A5016D /* MJRefresh */ = {
			isa = PBXGroup;
			children = (
				DF81C4831C317E8300A5016D /* MJRefresh.bundle */,
				DF81C4841C317E8300A5016D /* MJRefresh.h */,
				DF81C4851C317E8300A5016D /* MJRefreshBaseView.h */,
				DF81C4861C317E8300A5016D /* MJRefreshBaseView.m */,
				DF81C4871C317E8300A5016D /* MJRefreshConst.h */,
				DF81C4881C317E8300A5016D /* MJRefreshConst.m */,
				DF81C4891C317E8300A5016D /* MJRefreshFooterView.h */,
				DF81C48A1C317E8300A5016D /* MJRefreshFooterView.m */,
				DF81C48B1C317E8300A5016D /* MJRefreshHeaderView.h */,
				DF81C48C1C317E8300A5016D /* MJRefreshHeaderView.m */,
				DF81C48D1C317E8300A5016D /* UIScrollView+MJExtension.h */,
				DF81C48E1C317E8300A5016D /* UIScrollView+MJExtension.m */,
				DF81C48F1C317E8300A5016D /* UIScrollView+MJRefresh.h */,
				DF81C4901C317E8300A5016D /* UIScrollView+MJRefresh.m */,
				DF81C4911C317E8300A5016D /* UIView+MJExtension.h */,
				DF81C4921C317E8300A5016D /* UIView+MJExtension.m */,
			);
			name = MJRefresh;
			path = Newwws/other/lib/MJRefresh;
			sourceTree = SOURCE_ROOT;
		};
		DF81C4931C317E8300A5016D /* SDWebImage */ = {
			isa = PBXGroup;
			children = (
				DF81C4941C317E8300A5016D /* MKAnnotationView+WebCache.h */,
				DF81C4951C317E8300A5016D /* MKAnnotationView+WebCache.m */,
				DF81C4961C317E8300A5016D /* NSData+ImageContentType.h */,
				DF81C4971C317E8300A5016D /* NSData+ImageContentType.m */,
				DF81C4981C317E8300A5016D /* SDImageCache.h */,
				DF81C4991C317E8300A5016D /* SDImageCache.m */,
				DF81C49A1C317E8300A5016D /* SDWebImageCompat.h */,
				DF81C49B1C317E8300A5016D /* SDWebImageCompat.m */,
				DF81C49C1C317E8300A5016D /* SDWebImageDecoder.h */,
				DF81C49D1C317E8300A5016D /* SDWebImageDecoder.m */,
				DF81C49E1C317E8300A5016D /* SDWebImageDownloader.h */,
				DF81C49F1C317E8300A5016D /* SDWebImageDownloader.m */,
				DF81C4A01C317E8300A5016D /* SDWebImageDownloaderOperation.h */,
				DF81C4A11C317E8300A5016D /* SDWebImageDownloaderOperation.m */,
				DF81C4A21C317E8300A5016D /* SDWebImageManager.h */,
				DF81C4A31C317E8300A5016D /* SDWebImageManager.m */,
				DF81C4A41C317E8300A5016D /* SDWebImageOperation.h */,
				DF81C4A51C317E8300A5016D /* SDWebImagePrefetcher.h */,
				DF81C4A61C317E8300A5016D /* SDWebImagePrefetcher.m */,
				DF81C4A71C317E8300A5016D /* UIButton+WebCache.h */,
				DF81C4A81C317E8300A5016D /* UIButton+WebCache.m */,
				DF81C4A91C317E8300A5016D /* UIImage+GIF.h */,
				DF81C4AA1C317E8300A5016D /* UIImage+GIF.m */,
				DF81C4AB1C317E8300A5016D /* UIImage+MultiFormat.h */,
				DF81C4AC1C317E8300A5016D /* UIImage+MultiFormat.m */,
				DF81C4AD1C317E8300A5016D /* UIImage+WebP.h */,
				DF81C4AE1C317E8300A5016D /* UIImage+WebP.m */,
				DF81C4AF1C317E8300A5016D /* UIImageView+HighlightedWebCache.h */,
				DF81C4B01C317E8300A5016D /* UIImageView+HighlightedWebCache.m */,
				DF81C4B11C317E8300A5016D /* UIImageView+WebCache.h */,
				DF81C4B21C317E8300A5016D /* UIImageView+WebCache.m */,
				DF81C4B31C317E8300A5016D /* UIView+WebCacheOperation.h */,
				DF81C4B41C317E8300A5016D /* UIView+WebCacheOperation.m */,
			);
			name = SDWebImage;
			path = Newwws/other/lib/SDWebImage;
			sourceTree = SOURCE_ROOT;
		};
		DF81C4D91C317F1500A5016D /* Controller */ = {
			isa = PBXGroup;
			children = (
				DF9673BA1C40BFEB0067EE76 /* homeTabBarController.h */,
				DF9673BB1C40BFEB0067EE76 /* homeTabBarController.m */,
				DF81C4DA1C317F1500A5016D /* myNewsViewController.h */,
				DF81C4DB1C317F1500A5016D /* myNewsViewController.m */,
				DF81C4DC1C317F1500A5016D /* publishViewController.h */,
				DF81C4DD1C317F1500A5016D /* publishViewController.m */,
			);
			name = Controller;
			path = Newwws/Classes/Home/Controller;
			sourceTree = SOURCE_ROOT;
		};
		DF81C4DE1C317F1500A5016D /* Model */ = {
			isa = PBXGroup;
			children = (
				DF81C4DF1C317F1500A5016D /* MKPhoto.h */,
				DF81C4E01C317F1500A5016D /* MKPhoto.m */,
				DF81C4E11C317F1500A5016D /* MKPost.h */,
				DF81C4E21C317F1500A5016D /* MKPost.m */,
				DF81C4E31C317F1500A5016D /* MKPostFrame.h */,
				DF81C4E41C317F1500A5016D /* MKPostFrame.m */,
				DF81C4E51C317F1500A5016D /* MKUser.h */,
				DF81C4E61C317F1500A5016D /* MKUser.m */,
			);
			name = Model;
			path = Newwws/Classes/Home/Model;
			sourceTree = SOURCE_ROOT;
		};
		DF81C4E71C317F1500A5016D /* View */ = {
			isa = PBXGroup;
			children = (
				DF81C4E81C317F1500A5016D /* MKPhotoView.h */,
				DF81C4E91C317F1500A5016D /* MKPhotoView.m */,
				DF3A49551C32D3E000EC0600 /* MKPhotosView.h */,
				DF3A49561C32D3E000EC0600 /* MKPhotosView.m */,
				DFE6C7D31C390C2800C4683E /* MKPostCell.h */,
				DFE6C7D41C390C2800C4683E /* MKPostCell.m */,
				DF81C4EA1C317F1500A5016D /* MKPostTopView.h */,
				DF81C4EB1C317F1500A5016D /* MKPostTopView.m */,
			);
			name = View;
			path = Newwws/Classes/Home/View;
			sourceTree = SOURCE_ROOT;
		};
		DF81C4F41C317F3400A5016D /* Controller */ = {
			isa = PBXGroup;
			children = (
				DF81C4F51C317F3400A5016D /* AffairViewController.h */,
				DF81C4F61C317F3400A5016D /* AffairViewController.m */,
			);
			name = Controller;
			path = Newwws/Classes/Discover/Controller;
			sourceTree = SOURCE_ROOT;
		};
		DF81C4F71C317F3400A5016D /* Model */ = {
			isa = PBXGroup;
			children = (
			);
			name = Model;
			path = Newwws/Classes/Discover/Model;
			sourceTree = SOURCE_ROOT;
		};
		DF81C4F81C317F3400A5016D /* View */ = {
			isa = PBXGroup;
			children = (
			);
			name = View;
			path = Newwws/Classes/Discover/View;
			sourceTree = SOURCE_ROOT;
		};
		DF81C4FA1C317F4700A5016D /* Controller */ = {
			isa = PBXGroup;
			children = (
				DF9673A81C40B5F10067EE76 /* forgetPassWardViewController.h */,
				DF9673A91C40B5F10067EE76 /* forgetPassWardViewController.m */,
				DF9673AA1C40B5F10067EE76 /* MMZCHMViewController.h */,
				DF9673AB1C40B5F10067EE76 /* MMZCHMViewController.m */,
				DF9673AC1C40B5F10067EE76 /* LogViewController.h */,
				DF9673AD1C40B5F10067EE76 /* LogViewController.m */,
				DF9673AE1C40B5F10067EE76 /* newPassWardViewController.h */,
				DF9673AF1C40B5F10067EE76 /* newPassWardViewController.m */,
				DF9673B01C40B5F10067EE76 /* settingPassWardViewController.h */,
				DF9673B11C40B5F10067EE76 /* settingPassWardViewController.m */,
				DF9673B21C40B5F10067EE76 /* settinhHeaderViewController.h */,
				DF9673B31C40B5F10067EE76 /* settinhHeaderViewController.m */,
				DF81C4FB1C317F4700A5016D /* loginViewController.h */,
				DF81C4FC1C317F4700A5016D /* loginViewController.m */,
				DF81C4FD1C317F4700A5016D /* registerViewController.h */,
				DF81C4FE1C317F4700A5016D /* registerViewController.m */,
			);
			name = Controller;
			path = Newwws/Classes/me/Controller;
			sourceTree = SOURCE_ROOT;
		};
		DF81C4FF1C317F4700A5016D /* Model */ = {
			isa = PBXGroup;
			children = (
			);
			name = Model;
			path = Newwws/Classes/me/Model;
			sourceTree = SOURCE_ROOT;
		};
		DF81C5001C317F4700A5016D /* View */ = {
			isa = PBXGroup;
			children = (
			);
			name = View;
			path = Newwws/Classes/me/View;
			sourceTree = SOURCE_ROOT;
		};
		DF8D71E41C3BF3460013A2AC /* MJPhotoBrowser */ = {
			isa = PBXGroup;
			children = (
				DF8D71E51C3BF3460013A2AC /* MJPhoto.h */,
				DF8D71E61C3BF3460013A2AC /* MJPhoto.m */,
				DF8D71E71C3BF3460013A2AC /* MJPhotoBrowser.bundle */,
				DF8D71E81C3BF3460013A2AC /* MJPhotoBrowser.h */,
				DF8D71E91C3BF3460013A2AC /* MJPhotoBrowser.m */,
				DF8D71EA1C3BF3460013A2AC /* MJPhotoLoadingView.h */,
				DF8D71EB1C3BF3460013A2AC /* MJPhotoLoadingView.m */,
				DF8D71EC1C3BF3460013A2AC /* MJPhotoProgressView.h */,
				DF8D71ED1C3BF3460013A2AC /* MJPhotoProgressView.m */,
				DF8D71EE1C3BF3460013A2AC /* MJPhotoToolbar.h */,
				DF8D71EF1C3BF3460013A2AC /* MJPhotoToolbar.m */,
				DF8D71F01C3BF3460013A2AC /* MJPhotoView.h */,
				DF8D71F11C3BF3460013A2AC /* MJPhotoView.m */,
				DF8D71F21C3BF3460013A2AC /* UIImageView+MJWebCache.h */,
				DF8D71F31C3BF3460013A2AC /* UIImageView+MJWebCache.m */,
			);
			path = MJPhotoBrowser;
			sourceTree = SOURCE_ROOT;
		};
		DF8D72011C3BFC920013A2AC /* SVProgressHUD */ = {
			isa = PBXGroup;
			children = (
				DF8D72021C3BFC920013A2AC /* SVIndefiniteAnimatedView.h */,
				DF8D72031C3BFC920013A2AC /* SVIndefiniteAnimatedView.m */,
				DF8D72041C3BFC920013A2AC /* SVProgressHUD-Prefix.pch */,
				DF8D72051C3BFC920013A2AC /* SVProgressHUD.bundle */,
				DF8D72061C3BFC920013A2AC /* SVProgressHUD.h */,
				DF8D72071C3BFC920013A2AC /* SVProgressHUD.m */,
			);
			path = SVProgressHUD;
			sourceTree = SOURCE_ROOT;
		};
		DFD6BA6F1C3AB6200072AB9F /* Category */ = {
			isa = PBXGroup;
			children = (
				DFD6BA701C3AB6410072AB9F /* UIImage+Extend.h */,
				DFD6BA711C3AB6410072AB9F /* UIImage+Extend.m */,
			);
			name = Category;
			sourceTree = "<group>";
		};
/* End PBXGroup section */

/* Begin PBXNativeTarget section */
		DF587F221B2B00FA009AB71A /* Newwws */ = {
			isa = PBXNativeTarget;
			buildConfigurationList = DF587F461B2B00FA009AB71A /* Build configuration list for PBXNativeTarget "Newwws" */;
			buildPhases = (
				DF587F1F1B2B00FA009AB71A /* Sources */,
				DF587F201B2B00FA009AB71A /* Frameworks */,
				DF587F211B2B00FA009AB71A /* Resources */,
			);
			buildRules = (
			);
			dependencies = (
			);
			name = Newwws;
			productName = firstAP;
			productReference = DF587F231B2B00FA009AB71A /* Newwws.app */;
			productType = "com.apple.product-type.application";
		};
		DF587F3B1B2B00FA009AB71A /* NewwwsTests */ = {
			isa = PBXNativeTarget;
			buildConfigurationList = DF587F491B2B00FA009AB71A /* Build configuration list for PBXNativeTarget "NewwwsTests" */;
			buildPhases = (
				DF587F381B2B00FA009AB71A /* Sources */,
				DF587F391B2B00FA009AB71A /* Frameworks */,
				DF587F3A1B2B00FA009AB71A /* Resources */,
			);
			buildRules = (
			);
			dependencies = (
				DF587F3E1B2B00FA009AB71A /* PBXTargetDependency */,
			);
			name = NewwwsTests;
			productName = firstAPTests;
			productReference = DF587F3C1B2B00FA009AB71A /* Newwws.xctest */;
			productType = "com.apple.product-type.bundle.unit-test";
		};
/* End PBXNativeTarget section */

/* Begin PBXProject section */
		DF587F1B1B2B00FA009AB71A /* Project object */ = {
			isa = PBXProject;
			attributes = {
				LastUpgradeCheck = 0710;
				ORGANIZATIONNAME = hustqmk;
				TargetAttributes = {
					DF587F221B2B00FA009AB71A = {
						CreatedOnToolsVersion = 6.3.2;
					};
					DF587F3B1B2B00FA009AB71A = {
						CreatedOnToolsVersion = 6.3.2;
						TestTargetID = DF587F221B2B00FA009AB71A;
					};
				};
			};
			buildConfigurationList = DF587F1E1B2B00FA009AB71A /* Build configuration list for PBXProject "Newwws" */;
			compatibilityVersion = "Xcode 3.2";
			developmentRegion = English;
			hasScannedForEncodings = 0;
			knownRegions = (
				en,
				Base,
			);
			mainGroup = DF587F1A1B2B00FA009AB71A;
			productRefGroup = DF587F241B2B00FA009AB71A /* Products */;
			projectDirPath = "";
			projectRoot = "";
			targets = (
				DF587F221B2B00FA009AB71A /* Newwws */,
				DF587F3B1B2B00FA009AB71A /* NewwwsTests */,
			);
		};
/* End PBXProject section */

/* Begin PBXResourcesBuildPhase section */
		DF587F211B2B00FA009AB71A /* Resources */ = {
			isa = PBXResourcesBuildPhase;
			buildActionMask = 2147483647;
			files = (
				DF81C4BC1C317E8300A5016D /* ELCAlbumPickerController.xib in Resources */,
				DF81C4BD1C317E8300A5016D /* ELCAssetPicker.xib in Resources */,
				DF81C4BE1C317E8300A5016D /* ELCAssetTablePicker.xib in Resources */,
				DF81C4661C317C8B00A5016D /* images.xcassets in Resources */,
				DF81C50C1C31851F00A5016D /* Default-568h@2x.png in Resources */,
				DF81C50E1C31860900A5016D /* Main.storyboard in Resources */,
				DF8D71F51C3BF3460013A2AC /* MJPhotoBrowser.bundle in Resources */,
				DF81C4C01C317E8300A5016D /* Overlay@2x.png in Resources */,
				DF8D72091C3BFC920013A2AC /* SVProgressHUD.bundle in Resources */,
				DF81C4691C317C8B00A5016D /* star.png in Resources */,
				DF81C4C11C317E8300A5016D /* MJRefresh.bundle in Resources */,
				DF81C4BF1C317E8300A5016D /* Overlay.png in Resources */,
				DF81C4671C317C8B00A5016D /* Info.plist in Resources */,
			);
			runOnlyForDeploymentPostprocessing = 0;
		};
		DF587F3A1B2B00FA009AB71A /* Resources */ = {
			isa = PBXResourcesBuildPhase;
			buildActionMask = 2147483647;
			files = (
			);
			runOnlyForDeploymentPostprocessing = 0;
		};
/* End PBXResourcesBuildPhase section */

/* Begin PBXSourcesBuildPhase section */
		DF587F1F1B2B00FA009AB71A /* Sources */ = {
			isa = PBXSourcesBuildPhase;
			buildActionMask = 2147483647;
			files = (
				DF81C4CB1C317E8300A5016D /* SDImageCache.m in Sources */,
				DF8D71F41C3BF3460013A2AC /* MJPhoto.m in Sources */,
				DF81C4B51C317E8300A5016D /* ELCAlbumPickerController.m in Sources */,
				DF9673B91C40B5F10067EE76 /* settinhHeaderViewController.m in Sources */,
				DF81C4B81C317E8300A5016D /* ELCAssetTablePicker.m in Sources */,
				DF81C4C81C317E8300A5016D /* UIView+MJExtension.m in Sources */,
				DF81C4CA1C317E8300A5016D /* NSData+ImageContentType.m in Sources */,
				DF3A49571C32D3E000EC0600 /* MKPhotosView.m in Sources */,
				DF81C4F01C317F1500A5016D /* MKPostFrame.m in Sources */,
				DF81C4D61C317E8300A5016D /* UIImageView+HighlightedWebCache.m in Sources */,
				DF81C4F21C317F1500A5016D /* MKPhotoView.m in Sources */,
				DF8D71F61C3BF3460013A2AC /* MJPhotoBrowser.m in Sources */,
				DF81C4C51C317E8300A5016D /* MJRefreshHeaderView.m in Sources */,
				DF81C4D51C317E8300A5016D /* UIImage+WebP.m in Sources */,
				DF9673B71C40B5F10067EE76 /* newPassWardViewController.m in Sources */,
				DF9673B51C40B5F10067EE76 /* MMZCHMViewController.m in Sources */,
				DF81C4B91C317E8300A5016D /* ELCConsole.m in Sources */,
				DF81C4EE1C317F1500A5016D /* MKPhoto.m in Sources */,
				DF81C4D41C317E8300A5016D /* UIImage+MultiFormat.m in Sources */,
				DF8D71FA1C3BF3460013A2AC /* MJPhotoView.m in Sources */,
				DF81C4CD1C317E8300A5016D /* SDWebImageDecoder.m in Sources */,
				DF81C4EF1C317F1500A5016D /* MKPost.m in Sources */,
				DF8D72081C3BFC920013A2AC /* SVIndefiniteAnimatedView.m in Sources */,
				DF9673B81C40B5F10067EE76 /* settingPassWardViewController.m in Sources */,
				DF81C50A1C3184FA00A5016D /* utility.m in Sources */,
				DF81C5011C317F4700A5016D /* loginViewController.m in Sources */,
				DF81C4D11C317E8300A5016D /* SDWebImagePrefetcher.m in Sources */,
				DF8D71F91C3BF3460013A2AC /* MJPhotoToolbar.m in Sources */,
				DF81C4F11C317F1500A5016D /* MKUser.m in Sources */,
				DF8D71F71C3BF3460013A2AC /* MJPhotoLoadingView.m in Sources */,
				DF8D720A1C3BFC920013A2AC /* SVProgressHUD.m in Sources */,
				DF81C4D31C317E8300A5016D /* UIImage+GIF.m in Sources */,
				DF81C4C71C317E8300A5016D /* UIScrollView+MJRefresh.m in Sources */,
				DF81C4C61C317E8300A5016D /* UIScrollView+MJExtension.m in Sources */,
				DFE6C7D51C390C2800C4683E /* MKPostCell.m in Sources */,
				DF81C4C21C317E8300A5016D /* MJRefreshBaseView.m in Sources */,
				DF81C4C31C317E8300A5016D /* MJRefreshConst.m in Sources */,
				DF81C5091C3184FA00A5016D /* bmobOperation.m in Sources */,
				DF81C4D71C317E8300A5016D /* UIImageView+WebCache.m in Sources */,
				DF81C4C41C317E8300A5016D /* MJRefreshFooterView.m in Sources */,
				DF81C5021C317F4700A5016D /* registerViewController.m in Sources */,
				DF81C4EC1C317F1500A5016D /* myNewsViewController.m in Sources */,
				DF9673BC1C40BFEB0067EE76 /* homeTabBarController.m in Sources */,
				DF81C4D01C317E8300A5016D /* SDWebImageManager.m in Sources */,
				DF81C4681C317C8B00A5016D /* main.m in Sources */,
				DF81C4CC1C317E8300A5016D /* SDWebImageCompat.m in Sources */,
				DF81C4BA1C317E8300A5016D /* ELCImagePickerController.m in Sources */,
				DF9673B41C40B5F10067EE76 /* forgetPassWardViewController.m in Sources */,
				DF81C4651C317C8B00A5016D /* AppDelegate.m in Sources */,
				DF9673B61C40B5F10067EE76 /* LogViewController.m in Sources */,
				DF81C4BB1C317E8300A5016D /* ELCOverlayImageView.m in Sources */,
				DF81C4CF1C317E8300A5016D /* SDWebImageDownloaderOperation.m in Sources */,
				DF8D71F81C3BF3460013A2AC /* MJPhotoProgressView.m in Sources */,
				DF81C4ED1C317F1500A5016D /* publishViewController.m in Sources */,
				DF81C4D81C317E8300A5016D /* UIView+WebCacheOperation.m in Sources */,
				DF81C4C91C317E8300A5016D /* MKAnnotationView+WebCache.m in Sources */,
				DF81C4B61C317E8300A5016D /* ELCAsset.m in Sources */,
				DF81C4CE1C317E8300A5016D /* SDWebImageDownloader.m in Sources */,
				DF81C4F91C317F3400A5016D /* AffairViewController.m in Sources */,
				DF81C4D21C317E8300A5016D /* UIButton+WebCache.m in Sources */,
				DF81C4B71C317E8300A5016D /* ELCAssetCell.m in Sources */,
				DF81C4F31C317F1500A5016D /* MKPostTopView.m in Sources */,
				DF8D71FB1C3BF3460013A2AC /* UIImageView+MJWebCache.m in Sources */,
				DFD6BA7A1C3AB6410072AB9F /* UIImage+Extend.m in Sources */,
			);
			runOnlyForDeploymentPostprocessing = 0;
		};
		DF587F381B2B00FA009AB71A /* Sources */ = {
			isa = PBXSourcesBuildPhase;
			buildActionMask = 2147483647;
			files = (
			);
			runOnlyForDeploymentPostprocessing = 0;
		};
/* End PBXSourcesBuildPhase section */

/* Begin PBXTargetDependency section */
		DF587F3E1B2B00FA009AB71A /* PBXTargetDependency */ = {
			isa = PBXTargetDependency;
			target = DF587F221B2B00FA009AB71A /* Newwws */;
			targetProxy = DF587F3D1B2B00FA009AB71A /* PBXContainerItemProxy */;
		};
/* End PBXTargetDependency section */

/* Begin XCBuildConfiguration section */
		DF587F441B2B00FA009AB71A /* Debug */ = {
			isa = XCBuildConfiguration;
			buildSettings = {
				ALWAYS_SEARCH_USER_PATHS = NO;
				CLANG_CXX_LANGUAGE_STANDARD = "gnu++0x";
				CLANG_CXX_LIBRARY = "libc++";
				CLANG_ENABLE_MODULES = YES;
				CLANG_ENABLE_OBJC_ARC = YES;
				CLANG_WARN_BOOL_CONVERSION = YES;
				CLANG_WARN_CONSTANT_CONVERSION = YES;
				CLANG_WARN_DIRECT_OBJC_ISA_USAGE = YES_ERROR;
				CLANG_WARN_EMPTY_BODY = YES;
				CLANG_WARN_ENUM_CONVERSION = YES;
				CLANG_WARN_INT_CONVERSION = YES;
				CLANG_WARN_OBJC_ROOT_CLASS = YES_ERROR;
				CLANG_WARN_UNREACHABLE_CODE = YES;
				CLANG_WARN__DUPLICATE_METHOD_MATCH = YES;
				CODE_SIGN_IDENTITY = "iPhone Developer: Wei Feng Hou (2M922Q6CCQ)";
				"CODE_SIGN_IDENTITY[sdk=*]" = "iPhone Developer: Wei Feng Hou (2M922Q6CCQ)";
				COPY_PHASE_STRIP = NO;
				DEBUG_INFORMATION_FORMAT = "dwarf-with-dsym";
				ENABLE_STRICT_OBJC_MSGSEND = YES;
				ENABLE_TESTABILITY = YES;
				GCC_C_LANGUAGE_STANDARD = gnu99;
				GCC_DYNAMIC_NO_PIC = NO;
				GCC_NO_COMMON_BLOCKS = YES;
				GCC_OPTIMIZATION_LEVEL = 0;
				GCC_PREPROCESSOR_DEFINITIONS = (
					"DEBUG=1",
					"$(inherited)",
				);
				GCC_SYMBOLS_PRIVATE_EXTERN = NO;
				GCC_WARN_64_TO_32_BIT_CONVERSION = YES;
				GCC_WARN_ABOUT_RETURN_TYPE = YES_ERROR;
				GCC_WARN_UNDECLARED_SELECTOR = YES;
				GCC_WARN_UNINITIALIZED_AUTOS = YES_AGGRESSIVE;
				GCC_WARN_UNUSED_FUNCTION = YES;
				GCC_WARN_UNUSED_VARIABLE = YES;
				"HEADER_SEARCH_PATHS[arch=*]" = "$(PROJECT_DIR)/Newwws/other/lib";
				IPHONEOS_DEPLOYMENT_TARGET = 8.1;
				MTL_ENABLE_DEBUG_INFO = YES;
				ONLY_ACTIVE_ARCH = YES;
				SDKROOT = iphoneos;
			};
			name = Debug;
		};
		DF587F451B2B00FA009AB71A /* Release */ = {
			isa = XCBuildConfiguration;
			buildSettings = {
				ALWAYS_SEARCH_USER_PATHS = NO;
				CLANG_CXX_LANGUAGE_STANDARD = "gnu++0x";
				CLANG_CXX_LIBRARY = "libc++";
				CLANG_ENABLE_MODULES = YES;
				CLANG_ENABLE_OBJC_ARC = YES;
				CLANG_WARN_BOOL_CONVERSION = YES;
				CLANG_WARN_CONSTANT_CONVERSION = YES;
				CLANG_WARN_DIRECT_OBJC_ISA_USAGE = YES_ERROR;
				CLANG_WARN_EMPTY_BODY = YES;
				CLANG_WARN_ENUM_CONVERSION = YES;
				CLANG_WARN_INT_CONVERSION = YES;
				CLANG_WARN_OBJC_ROOT_CLASS = YES_ERROR;
				CLANG_WARN_UNREACHABLE_CODE = YES;
				CLANG_WARN__DUPLICATE_METHOD_MATCH = YES;
				CODE_SIGN_IDENTITY = "iPhone Developer: Wei Feng Hou (2M922Q6CCQ)";
				"CODE_SIGN_IDENTITY[sdk=iphoneos*]" = "iPhone Developer: Wei Feng Hou (2M922Q6CCQ)";
				COPY_PHASE_STRIP = NO;
				DEBUG_INFORMATION_FORMAT = "dwarf-with-dsym";
				ENABLE_NS_ASSERTIONS = NO;
				ENABLE_STRICT_OBJC_MSGSEND = YES;
				GCC_C_LANGUAGE_STANDARD = gnu99;
				GCC_NO_COMMON_BLOCKS = YES;
				GCC_WARN_64_TO_32_BIT_CONVERSION = YES;
				GCC_WARN_ABOUT_RETURN_TYPE = YES_ERROR;
				GCC_WARN_UNDECLARED_SELECTOR = YES;
				GCC_WARN_UNINITIALIZED_AUTOS = YES_AGGRESSIVE;
				GCC_WARN_UNUSED_FUNCTION = YES;
				GCC_WARN_UNUSED_VARIABLE = YES;
				"HEADER_SEARCH_PATHS[arch=*]" = "$(PROJECT_DIR)/Newwws/other/lib";
				IPHONEOS_DEPLOYMENT_TARGET = 8.1;
				MTL_ENABLE_DEBUG_INFO = NO;
				SDKROOT = iphoneos;
				VALIDATE_PRODUCT = YES;
			};
			name = Release;
		};
		DF587F471B2B00FA009AB71A /* Debug */ = {
			isa = XCBuildConfiguration;
			buildSettings = {
				ASSETCATALOG_COMPILER_APPICON_NAME = AppIcon;
				CODE_SIGN_IDENTITY = "iPhone Developer: Wei Feng Hou (2M922Q6CCQ)";
				FRAMEWORK_SEARCH_PATHS = (
					"$(inherited)",
					"$(PROJECT_DIR)/Newwws/Framework",
					"$(PROJECT_DIR)",
				);
				INFOPLIST_FILE = Newwws/supporting/info.plist;
				IPHONEOS_DEPLOYMENT_TARGET = 8.1;
				LD_RUNPATH_SEARCH_PATHS = "$(inherited) @executable_path/Frameworks";
				ONLY_ACTIVE_ARCH = YES;
				PRODUCT_NAME = Newwws;
				SDKROOT = iphoneos9.1;
				TARGETED_DEVICE_FAMILY = 1;
				VALID_ARCHS = "armv7 arm64 armv7s";
			};
			name = Debug;
		};
		DF587F481B2B00FA009AB71A /* Release */ = {
			isa = XCBuildConfiguration;
			buildSettings = {
				ASSETCATALOG_COMPILER_APPICON_NAME = AppIcon;
				CODE_SIGN_IDENTITY = "iPhone Developer: Wei Feng Hou (2M922Q6CCQ)";
				FRAMEWORK_SEARCH_PATHS = (
					"$(inherited)",
					"$(PROJECT_DIR)/Newwws/Framework",
					"$(PROJECT_DIR)",
				);
				INFOPLIST_FILE = Newwws/supporting/info.plist;
				IPHONEOS_DEPLOYMENT_TARGET = 8.1;
				LD_RUNPATH_SEARCH_PATHS = "$(inherited) @executable_path/Frameworks";
				ONLY_ACTIVE_ARCH = YES;
				PRODUCT_NAME = Newwws;
				SDKROOT = iphoneos9.1;
				TARGETED_DEVICE_FAMILY = 1;
				VALID_ARCHS = "armv7 arm64 armv7s";
			};
			name = Release;
		};
		DF587F4A1B2B00FA009AB71A /* Debug */ = {
			isa = XCBuildConfiguration;
			buildSettings = {
				BUNDLE_LOADER = "$(TEST_HOST)";
				FRAMEWORK_SEARCH_PATHS = (
					"$(SDKROOT)/Developer/Library/Frameworks",
					"$(inherited)",
				);
				GCC_PREPROCESSOR_DEFINITIONS = (
					"DEBUG=1",
					"$(inherited)",
				);
				INFOPLIST_FILE = "";
				"INFOPLIST_FILE[sdk=*]" = "";
				LD_RUNPATH_SEARCH_PATHS = "$(inherited) @executable_path/Frameworks @loader_path/Frameworks";
				"LIBRARY_SEARCH_PATHS[arch=*]" = "";
				PRODUCT_NAME = Newwws;
				TEST_HOST = "$(BUILT_PRODUCTS_DIR)/Newwws.app/Newwws";
				"VALID_ARCHS[sdk=*]" = "arm64 armv7 armv7s";
			};
			name = Debug;
		};
		DF587F4B1B2B00FA009AB71A /* Release */ = {
			isa = XCBuildConfiguration;
			buildSettings = {
				BUNDLE_LOADER = "$(TEST_HOST)";
				FRAMEWORK_SEARCH_PATHS = (
					"$(SDKROOT)/Developer/Library/Frameworks",
					"$(inherited)",
				);
				INFOPLIST_FILE = "";
				LD_RUNPATH_SEARCH_PATHS = "$(inherited) @executable_path/Frameworks @loader_path/Frameworks";
				PRODUCT_NAME = Newwws;
				TEST_HOST = "$(BUILT_PRODUCTS_DIR)/Newwws.app/Newwws";
			};
			name = Release;
		};
/* End XCBuildConfiguration section */

/* Begin XCConfigurationList section */
		DF587F1E1B2B00FA009AB71A /* Build configuration list for PBXProject "Newwws" */ = {
			isa = XCConfigurationList;
			buildConfigurations = (
				DF587F441B2B00FA009AB71A /* Debug */,
				DF587F451B2B00FA009AB71A /* Release */,
			);
			defaultConfigurationIsVisible = 0;
			defaultConfigurationName = Release;
		};
		DF587F461B2B00FA009AB71A /* Build configuration list for PBXNativeTarget "Newwws" */ = {
			isa = XCConfigurationList;
			buildConfigurations = (
				DF587F471B2B00FA009AB71A /* Debug */,
				DF587F481B2B00FA009AB71A /* Release */,
			);
			defaultConfigurationIsVisible = 0;
			defaultConfigurationName = Release;
		};
		DF587F491B2B00FA009AB71A /* Build configuration list for PBXNativeTarget "NewwwsTests" */ = {
			isa = XCConfigurationList;
			buildConfigurations = (
				DF587F4A1B2B00FA009AB71A /* Debug */,
				DF587F4B1B2B00FA009AB71A /* Release */,
			);
			defaultConfigurationIsVisible = 0;
			defaultConfigurationName = Release;
		};
/* End XCConfigurationList section */
	};
	rootObject = DF587F1B1B2B00FA009AB71A /* Project object */;
}
